# THIS IS AN AUTOGENERATED FILE. DO NOT EDIT THIS FILE DIRECTLY.
# yarn lockfile v1


"@cloudflare/kv-asset-handler@^0.2.0":
  "integrity" "sha512-MVbXLbTcAotOPUj0pAMhVtJ+3/kFkwJqc5qNOleOZTv6QkZZABDMS21dSrSlVswEHwrpWC03e4fWytjqKvuE2A=="
  "resolved" "https://registry.npmjs.org/@cloudflare/kv-asset-handler/-/kv-asset-handler-0.2.0.tgz"
  "version" "0.2.0"
  dependencies:
    "mime" "^3.0.0"

"@cloudflare/workers-types@^4.20221111.1":
  "integrity" "sha512-GPJEiO8AFN+jUpA+DHJ1qdVmk4s/hq8JYKjOV/+U7avGquQbVnj905+Kg6uAEfrq16muwmRKl+XJGqsvlBlDNg=="
  "resolved" "https://registry.npmjs.org/@cloudflare/workers-types/-/workers-types-4.20230115.0.tgz"
  "version" "4.20230115.0"

"@esbuild-plugins/node-globals-polyfill@^0.1.1":
  "integrity" "sha512-MR0oAA+mlnJWrt1RQVQ+4VYuRJW/P2YmRTv1AsplObyvuBMnPHiizUF95HHYiSsMGLhyGtWufaq2XQg6+iurBg=="
  "resolved" "https://registry.npmjs.org/@esbuild-plugins/node-globals-polyfill/-/node-globals-polyfill-0.1.1.tgz"
  "version" "0.1.1"

"@esbuild-plugins/node-modules-polyfill@^0.1.4":
  "integrity" "sha512-uZbcXi0zbmKC/050p3gJnne5Qdzw8vkXIv+c2BW0Lsc1ji1SkrxbKPUy5Efr0blbTu1SL8w4eyfpnSdPg3G0Qg=="
  "resolved" "https://registry.npmjs.org/@esbuild-plugins/node-modules-polyfill/-/node-modules-polyfill-0.1.4.tgz"
  "version" "0.1.4"
  dependencies:
    "escape-string-regexp" "^4.0.0"
    "rollup-plugin-node-polyfills" "^0.2.1"

"@iarna/toml@^2.2.5":
  "integrity" "sha512-trnsAYxU3xnS1gPHPyU961coFyLkh4gAD/0zQ5mymY4yOZ+CYvsPqUbOFSw0aDM4y0tV7tiFxL/1XfXPNC6IPg=="
  "resolved" "https://registry.npmjs.org/@iarna/toml/-/toml-2.2.5.tgz"
  "version" "2.2.5"

"@miniflare/cache@2.11.0":
  "integrity" "sha512-L/kc9AzidPwFuk2fwHpAEePi0kNBk6FWUq3ln+9beRCDrPEpfVrDRFpNleF1NFZz5//oeVMuo8F0IVUQGzR7+Q=="
  "resolved" "https://registry.npmjs.org/@miniflare/cache/-/cache-2.11.0.tgz"
  "version" "2.11.0"
  dependencies:
    "@miniflare/core" "2.11.0"
    "@miniflare/shared" "2.11.0"
    "http-cache-semantics" "^4.1.0"
    "undici" "5.9.1"

"@miniflare/cli-parser@2.11.0":
  "integrity" "sha512-JUmyRzEGAS6CouvXJwBh8p44onfw3KRpfq5JGXEuHModOGjTp6li7PQyCTNPV2Hv/7StAXWnTFGXeAqyDHuTig=="
  "resolved" "https://registry.npmjs.org/@miniflare/cli-parser/-/cli-parser-2.11.0.tgz"
  "version" "2.11.0"
  dependencies:
    "@miniflare/shared" "2.11.0"
    "kleur" "^4.1.4"

"@miniflare/core@2.11.0":
  "integrity" "sha512-UFMFiCG0co36VpZkgFrSBnrxo71uf1x+cjlzzJi3khmMyDlnLu4RuIQsAqvKbYom6fi3G9Q8lTgM7JuOXFyjhw=="
  "resolved" "https://registry.npmjs.org/@miniflare/core/-/core-2.11.0.tgz"
  "version" "2.11.0"
  dependencies:
    "@iarna/toml" "^2.2.5"
    "@miniflare/queues" "2.11.0"
    "@miniflare/shared" "2.11.0"
    "@miniflare/watcher" "2.11.0"
    "busboy" "^1.6.0"
    "dotenv" "^10.0.0"
    "kleur" "^4.1.4"
    "set-cookie-parser" "^2.4.8"
    "undici" "5.9.1"
    "urlpattern-polyfill" "^4.0.3"

"@miniflare/d1@2.11.0":
  "integrity" "sha512-aDdBVQZ2C0Zs3+Y9ZbRctmuQxozPfpumwJ/6NG6fBadANvune/hW7ddEoxyteIEU9W3IgzVj8s4by4VvasX90A=="
  "resolved" "https://registry.npmjs.org/@miniflare/d1/-/d1-2.11.0.tgz"
  "version" "2.11.0"
  dependencies:
    "@miniflare/core" "2.11.0"
    "@miniflare/shared" "2.11.0"

"@miniflare/durable-objects@2.11.0":
  "integrity" "sha512-0cKJaMgraTEU1b4kqK8cjD2oTeOjA6QU3Y+lWiZT/k1PMHZULovrSFnjii7qZ8npf4VHSIN6XYPxhyxRyEM65Q=="
  "resolved" "https://registry.npmjs.org/@miniflare/durable-objects/-/durable-objects-2.11.0.tgz"
  "version" "2.11.0"
  dependencies:
    "@miniflare/core" "2.11.0"
    "@miniflare/shared" "2.11.0"
    "@miniflare/storage-memory" "2.11.0"
    "undici" "5.9.1"

"@miniflare/html-rewriter@2.11.0":
  "integrity" "sha512-olTqmuYTHnoTNtiA0vjQ/ixRfbwgPzDrAUbtXDCYW45VFbHfDVJrJGZX3Jg0HpSlxy86Zclle1SUxGbVDzxsBg=="
  "resolved" "https://registry.npmjs.org/@miniflare/html-rewriter/-/html-rewriter-2.11.0.tgz"
  "version" "2.11.0"
  dependencies:
    "@miniflare/core" "2.11.0"
    "@miniflare/shared" "2.11.0"
    "html-rewriter-wasm" "^0.4.1"
    "undici" "5.9.1"

"@miniflare/http-server@2.11.0":
  "integrity" "sha512-sMLcrDFzqqAvnQmAUH0hRTo8sBjW79VZYfnIH5FAGSGcKX6kdAGs9RStdYZ4CftQCBAEQScX0KBsMx5FwJRe9Q=="
  "resolved" "https://registry.npmjs.org/@miniflare/http-server/-/http-server-2.11.0.tgz"
  "version" "2.11.0"
  dependencies:
    "@miniflare/core" "2.11.0"
    "@miniflare/shared" "2.11.0"
    "@miniflare/web-sockets" "2.11.0"
    "kleur" "^4.1.4"
    "selfsigned" "^2.0.0"
    "undici" "5.9.1"
    "ws" "^8.2.2"
    "youch" "^2.2.2"

"@miniflare/kv@2.11.0":
  "integrity" "sha512-3m9dL2HBBN170V1JvwjjucR5zl4G3mlcsV6C1E7A2wLl2Z2TWvIx/tSY9hrhkD96dFnejwJ9qmPMbXMMuynhjg=="
  "resolved" "https://registry.npmjs.org/@miniflare/kv/-/kv-2.11.0.tgz"
  "version" "2.11.0"
  dependencies:
    "@miniflare/shared" "2.11.0"

"@miniflare/queues@2.11.0":
  "integrity" "sha512-fLHjdrNLKhn0LZM/aii/9GsAttFd+lWlGzK8HOg1R0vhfKBwEub4zntjMmOfFbDm1ntc21tdMK7n3ldUphwh5w=="
  "resolved" "https://registry.npmjs.org/@miniflare/queues/-/queues-2.11.0.tgz"
  "version" "2.11.0"
  dependencies:
    "@miniflare/shared" "2.11.0"

"@miniflare/r2@2.11.0":
  "integrity" "sha512-MKuyJ/gGNsK3eWbGdygvozqcyaZhM3C6NGHvoaZwH503dwN569j5DpatTWiHGFeDeSu64VqcIsGehz05GDUaag=="
  "resolved" "https://registry.npmjs.org/@miniflare/r2/-/r2-2.11.0.tgz"
  "version" "2.11.0"
  dependencies:
    "@miniflare/shared" "2.11.0"
    "undici" "5.9.1"

"@miniflare/runner-vm@2.11.0":
  "integrity" "sha512-bkVSuvCf5+VylqN8lTiLxIYqYcKFbl+BywZGwGQndPC/3wh42J00mM0jw4hRbvXgwuBhlUyCVpEXtYlftFFT/g=="
  "resolved" "https://registry.npmjs.org/@miniflare/runner-vm/-/runner-vm-2.11.0.tgz"
  "version" "2.11.0"
  dependencies:
    "@miniflare/shared" "2.11.0"

"@miniflare/scheduler@2.11.0":
  "integrity" "sha512-DPdzINhdWeS99eIicGoluMsD4pLTTAWNQbgCv3CTwgdKA3dxdvMSCkNqZzQLiALzvk9+rSfj46FlH++HE7o7/w=="
  "resolved" "https://registry.npmjs.org/@miniflare/scheduler/-/scheduler-2.11.0.tgz"
  "version" "2.11.0"
  dependencies:
    "@miniflare/core" "2.11.0"
    "@miniflare/shared" "2.11.0"
    "cron-schedule" "^3.0.4"

"@miniflare/shared@2.11.0":
  "integrity" "sha512-fWMqq3ZkWAg+k7CnyzMV/rZHugwn+/JxvVzCxrtvxzwotTN547THlOxgZe8JAP23U9BiTxOfpTfnLvFEjAmegw=="
  "resolved" "https://registry.npmjs.org/@miniflare/shared/-/shared-2.11.0.tgz"
  "version" "2.11.0"
  dependencies:
    "@types/better-sqlite3" "^7.6.0"
    "kleur" "^4.1.4"
    "npx-import" "^1.1.3"
    "picomatch" "^2.3.1"

"@miniflare/sites@2.11.0":
  "integrity" "sha512-qbefKdWZUJgsdLf+kCw03sn3h/92LZgJAbkOpP6bCrfWkXlJ37EQXO4KWdhn4Ghc7A6GwU1s1I/mdB64B3AewQ=="
  "resolved" "https://registry.npmjs.org/@miniflare/sites/-/sites-2.11.0.tgz"
  "version" "2.11.0"
  dependencies:
    "@miniflare/kv" "2.11.0"
    "@miniflare/shared" "2.11.0"
    "@miniflare/storage-file" "2.11.0"

"@miniflare/storage-file@2.11.0":
  "integrity" "sha512-beWF/lTX74x7AiaSB+xQxywPSNdhtEKvqDkRui8eOJ5kqN2o4UaleLKQGgqmCw3WyHRIsckV7If1qpbNiLtWMw=="
  "resolved" "https://registry.npmjs.org/@miniflare/storage-file/-/storage-file-2.11.0.tgz"
  "version" "2.11.0"
  dependencies:
    "@miniflare/shared" "2.11.0"
    "@miniflare/storage-memory" "2.11.0"

"@miniflare/storage-memory@2.11.0":
  "integrity" "sha512-s0AhPww7fq/Jz80NbPb+ffhcVRKnfPi7H1dHTRTre2Ud23EVJjAWl2gat42x8NOT/Fu3/o/7A72DWQQJqfO98A=="
  "resolved" "https://registry.npmjs.org/@miniflare/storage-memory/-/storage-memory-2.11.0.tgz"
  "version" "2.11.0"
  dependencies:
    "@miniflare/shared" "2.11.0"

"@miniflare/watcher@2.11.0":
  "integrity" "sha512-RUfjz2iYcsQXLcGySemJl98CJ2iierbWsPGWZhIVZI+NNhROkEy77g/Q+lvP2ATwexG3/dUSfdJ3P8aH+sI4Ig=="
  "resolved" "https://registry.npmjs.org/@miniflare/watcher/-/watcher-2.11.0.tgz"
  "version" "2.11.0"
  dependencies:
    "@miniflare/shared" "2.11.0"

"@miniflare/web-sockets@2.11.0":
  "integrity" "sha512-NC8RKrmxrO0hZmwpzn5g4hPGA2VblnFTIBobmWoxuK95eW49zfs7dtE/PyFs+blsGv3CjTIjHVSQ782K+C6HFA=="
  "resolved" "https://registry.npmjs.org/@miniflare/web-sockets/-/web-sockets-2.11.0.tgz"
  "version" "2.11.0"
  dependencies:
    "@miniflare/core" "2.11.0"
    "@miniflare/shared" "2.11.0"
    "undici" "5.9.1"
    "ws" "^8.2.2"

"@neondatabase/serverless@^0.2.5":
  "integrity" "sha512-Qu/nNZftfoqw4ojVCXU/EgYlfII3mzLm82iXNOUljFumPhoZ/Wp8NJG5DgSAKCWC0zwTyJsojdPLQDj/UPs2vg=="
  "resolved" "https://registry.npmjs.org/@neondatabase/serverless/-/serverless-0.2.5.tgz"
  "version" "0.2.5"

"@planetscale/database@^1.5.0":
  "integrity" "sha512-Qwh7Or1W5dB5mZ9EQqDkgvkDKhBBmQe58KIVUy0SGocNtr5fP4JAWtvZ6EdLAV6C6hVpzNlCA2xIg9lKTswm1Q=="
  "resolved" "https://registry.npmjs.org/@planetscale/database/-/database-1.5.0.tgz"
  "version" "1.5.0"

"@sentry/core@7.28.1":
  "integrity" "sha512-7wvnuvn/mrAfcugWoCG/3pqDIrUgH5t+HisMJMGw0h9Tc33KqrmqMDCQVvjlrr2pWrw/vuUCFdm8CbUHJ832oQ=="
  "resolved" "https://registry.npmjs.org/@sentry/core/-/core-7.28.1.tgz"
  "version" "7.28.1"
  dependencies:
    "@sentry/types" "7.28.1"
    "@sentry/utils" "7.28.1"
    "tslib" "^1.9.3"

"@sentry/types@7.28.1":
  "integrity" "sha512-DvSplMVrVEmOzR2M161V5+B8Up3vR71xMqJOpWTzE9TqtFJRGPtqT/5OBsNJJw1+/j2ssMcnKwbEo9Q2EGeS6g=="
  "resolved" "https://registry.npmjs.org/@sentry/types/-/types-7.28.1.tgz"
  "version" "7.28.1"

"@sentry/utils@7.28.1":
  "integrity" "sha512-75/jzLUO9HH09iC9TslNimGbxOP3jgn89P+q7uR+rp2fJfRExHVeKJZQdK0Ij4/SmE7TJ3Uh2r154N0INZEx1g=="
  "resolved" "https://registry.npmjs.org/@sentry/utils/-/utils-7.28.1.tgz"
  "version" "7.28.1"
  dependencies:
    "@sentry/types" "7.28.1"
    "tslib" "^1.9.3"

"@types/better-sqlite3@^7.6.0":
  "integrity" "sha512-YS64N9SNDT/NAvou3QNdzAu3E2om/W/0dhORimtPGLef+zSK5l1vDzfsWb4xgXOgfhtOI5ZDTRxnvRPb22AIVQ=="
  "resolved" "https://registry.npmjs.org/@types/better-sqlite3/-/better-sqlite3-7.6.3.tgz"
  "version" "7.6.3"
  dependencies:
    "@types/node" "*"

"@types/node@*":
  "integrity" "sha512-gC3TazRzGoOnoKAhUx+Q0t8S9Tzs74z7m0ipwGpSqQrleP14hKxP4/JUeEQcD3W1/aIpnWl8pHowI7WokuZpXg=="
  "resolved" "https://registry.npmjs.org/@types/node/-/node-18.13.0.tgz"
  "version" "18.13.0"

"@types/stack-trace@0.0.29":
  "integrity" "sha512-TgfOX+mGY/NyNxJLIbDWrO9DjGoVSW9+aB8H2yy1fy32jsvxijhmyJI9fDFgvz3YP4lvJaq9DzdR/M1bOgVc9g=="
  "resolved" "https://registry.npmjs.org/@types/stack-trace/-/stack-trace-0.0.29.tgz"
  "version" "0.0.29"

"anymatch@~3.1.2":
  "integrity" "sha512-KMReFUr0B4t+D+OBkjR3KYqvocp2XaSzO55UcB6mgQMd3KbcE+mWTyvVV7D/zsdEbNnV6acZUutkiHQXvTr1Rw=="
  "resolved" "https://registry.npmjs.org/anymatch/-/anymatch-3.1.3.tgz"
  "version" "3.1.3"
  dependencies:
    "normalize-path" "^3.0.0"
    "picomatch" "^2.0.4"

"binary-extensions@^2.0.0":
  "integrity" "sha512-jDctJ/IVQbZoJykoeHbhXpOlNBqGNcwXJKJog42E5HDPUwQTSdjCHdihjj0DlnheQ7blbT6dHOafNAiS8ooQKA=="
  "resolved" "https://registry.npmjs.org/binary-extensions/-/binary-extensions-2.2.0.tgz"
  "version" "2.2.0"

"blake3-wasm@^2.1.5":
  "integrity" "sha512-F1+K8EbfOZE49dtoPtmxUQrpXaBIl3ICvasLh+nJta0xkz+9kF/7uet9fLnwKqhDrmj6g+6K3Tw9yQPUg2ka5g=="
  "resolved" "https://registry.npmjs.org/blake3-wasm/-/blake3-wasm-2.1.5.tgz"
  "version" "2.1.5"

"braces@~3.0.2":
  "integrity" "sha512-b8um+L1RzM3WDSzvhm6gIz1yfTbBt6YTlcEKAvsmqCZZFw46z626lVj9j1yEPW33H5H+lBQpZMP1k8l+78Ha0A=="
  "resolved" "https://registry.npmjs.org/braces/-/braces-3.0.2.tgz"
  "version" "3.0.2"
  dependencies:
    "fill-range" "^7.0.1"

"buffer-from@^1.0.0":
  "integrity" "sha512-E+XQCRwSbaaiChtv6k6Dwgc+bx+Bs6vuKJHHl5kox/BaKbhiXzqQOwK4cO22yElGp2OCmjwVhT3HmxgyPGnJfQ=="
  "resolved" "https://registry.npmjs.org/buffer-from/-/buffer-from-1.1.2.tgz"
  "version" "1.1.2"

"buffer-writer@2.0.0":
  "integrity" "sha512-a7ZpuTZU1TRtnwyCNW3I5dc0wWNC3VR9S++Ewyk2HHZdrO3CQJqSpd+95Us590V6AL7JqUAH2IwZ/398PmNFgw=="
  "resolved" "https://registry.npmjs.org/buffer-writer/-/buffer-writer-2.0.0.tgz"
  "version" "2.0.0"

"builtins@^5.0.0":
  "integrity" "sha512-qwVpFEHNfhYJIzNRBvd2C1kyo6jz3ZSMPyyuR47OPdiKWlbYnZNyDWuyR175qDnAJLiCo5fBBqPb3RiXgWlkOQ=="
  "resolved" "https://registry.npmjs.org/builtins/-/builtins-5.0.1.tgz"
  "version" "5.0.1"
  dependencies:
    "semver" "^7.0.0"

"busboy@^1.6.0":
  "integrity" "sha512-8SFQbg/0hQ9xy3UNTB0YEnsNBbWfhf7RtnzpL7TkBiTBRfrQ9Fxcnz7VJsleJpyp6rVLvXiuORqjlHi5q+PYuA=="
  "resolved" "https://registry.npmjs.org/busboy/-/busboy-1.6.0.tgz"
  "version" "1.6.0"
  dependencies:
    "streamsearch" "^1.1.0"

"chokidar@^3.5.3":
  "integrity" "sha512-Dr3sfKRP6oTcjf2JmUmFJfeVMvXBdegxB0iVQ5eb2V10uFJUCAS8OByZdVAyVb8xXNz3GjjTgj9kLWsZTqE6kw=="
  "resolved" "https://registry.npmjs.org/chokidar/-/chokidar-3.5.3.tgz"
  "version" "3.5.3"
  dependencies:
    "anymatch" "~3.1.2"
    "braces" "~3.0.2"
    "glob-parent" "~5.1.2"
    "is-binary-path" "~2.1.0"
    "is-glob" "~4.0.1"
    "normalize-path" "~3.0.0"
    "readdirp" "~3.6.0"
  optionalDependencies:
    "fsevents" "~2.3.2"

"cookie@^0.4.1":
  "integrity" "sha512-aSWTXFzaKWkvHO1Ny/s+ePFpvKsPnjc551iI41v3ny/ow6tBG5Vd+FuqGNhh1LxOmVzOlGUriIlOaokOvhaStA=="
  "resolved" "https://registry.npmjs.org/cookie/-/cookie-0.4.2.tgz"
  "version" "0.4.2"

"cron-schedule@^3.0.4":
  "integrity" "sha512-izfGgKyzzIyLaeb1EtZ3KbglkS6AKp9cv7LxmiyoOu+fXfol1tQDC0Cof0enVZGNtudTHW+3lfuW9ZkLQss4Wg=="
  "resolved" "https://registry.npmjs.org/cron-schedule/-/cron-schedule-3.0.6.tgz"
  "version" "3.0.6"

"cross-spawn@^7.0.3":
  "integrity" "sha512-iRDPJKUPVEND7dHPO8rkbOnPpyDygcDFtWjpeWNCgy8WP2rXcxXL8TskReQl6OrB2G7+UJrags1q15Fudc7G6w=="
  "resolved" "https://registry.npmjs.org/cross-spawn/-/cross-spawn-7.0.3.tgz"
  "version" "7.0.3"
  dependencies:
    "path-key" "^3.1.0"
    "shebang-command" "^2.0.0"
    "which" "^2.0.1"

"dotenv@^10.0.0":
  "integrity" "sha512-rlBi9d8jpv9Sf1klPjNfFAuWDjKLwTIJJ/VxtoTwIR6hnZxcEOQCZg2oIL3MWBYw5GpUDKOEnND7LXTbIpQ03Q=="
  "resolved" "https://registry.npmjs.org/dotenv/-/dotenv-10.0.0.tgz"
  "version" "10.0.0"

"esbuild-linux-64@0.14.51":
  "integrity" "sha512-dxjhrqo5i7Rq6DXwz5v+MEHVs9VNFItJmHBe1CxROWNf4miOGoQhqSG8StStbDkQ1Mtobg6ng+4fwByOhoQoeA=="
  "resolved" "https://registry.npmjs.org/esbuild-linux-64/-/esbuild-linux-64-0.14.51.tgz"
  "version" "0.14.51"

"esbuild@*", "esbuild@0.14.51":
  "integrity" "sha512-+CvnDitD7Q5sT7F+FM65sWkF8wJRf+j9fPcprxYV4j+ohmzVj2W7caUqH2s5kCaCJAfcAICjSlKhDCcvDpU7nw=="
  "resolved" "https://registry.npmjs.org/esbuild/-/esbuild-0.14.51.tgz"
  "version" "0.14.51"
  optionalDependencies:
    "esbuild-android-64" "0.14.51"
    "esbuild-android-arm64" "0.14.51"
    "esbuild-darwin-64" "0.14.51"
    "esbuild-darwin-arm64" "0.14.51"
    "esbuild-freebsd-64" "0.14.51"
    "esbuild-freebsd-arm64" "0.14.51"
    "esbuild-linux-32" "0.14.51"
    "esbuild-linux-64" "0.14.51"
    "esbuild-linux-arm" "0.14.51"
    "esbuild-linux-arm64" "0.14.51"
    "esbuild-linux-mips64le" "0.14.51"
    "esbuild-linux-ppc64le" "0.14.51"
    "esbuild-linux-riscv64" "0.14.51"
    "esbuild-linux-s390x" "0.14.51"
    "esbuild-netbsd-64" "0.14.51"
    "esbuild-openbsd-64" "0.14.51"
    "esbuild-sunos-64" "0.14.51"
    "esbuild-windows-32" "0.14.51"
    "esbuild-windows-64" "0.14.51"
    "esbuild-windows-arm64" "0.14.51"

"escape-string-regexp@^4.0.0":
  "integrity" "sha512-TtpcNJ3XAzx3Gq8sWRzJaVajRs0uVxA2YAkdb1jm2YkPz4G6egUFAyA3n5vtEIZefPk5Wa4UXbKuS5fKkJWdgA=="
  "resolved" "https://registry.npmjs.org/escape-string-regexp/-/escape-string-regexp-4.0.0.tgz"
  "version" "4.0.0"

"estree-walker@^0.6.1":
  "integrity" "sha512-SqmZANLWS0mnatqbSfRP5g8OXZC12Fgg1IwNtLsyHDzJizORW4khDfjPqJZsemPWBB2uqykUah5YpQ6epsqC/w=="
  "resolved" "https://registry.npmjs.org/estree-walker/-/estree-walker-0.6.1.tgz"
  "version" "0.6.1"

"execa@^6.1.0":
  "integrity" "sha512-QVWlX2e50heYJcCPG0iWtf8r0xjEYfz/OYLGDYH+IyjWezzPNxz63qNFOu0l4YftGWuizFVZHHs8PrLU5p2IDA=="
  "resolved" "https://registry.npmjs.org/execa/-/execa-6.1.0.tgz"
  "version" "6.1.0"
  dependencies:
    "cross-spawn" "^7.0.3"
    "get-stream" "^6.0.1"
    "human-signals" "^3.0.1"
    "is-stream" "^3.0.0"
    "merge-stream" "^2.0.0"
    "npm-run-path" "^5.1.0"
    "onetime" "^6.0.0"
    "signal-exit" "^3.0.7"
    "strip-final-newline" "^3.0.0"

"fill-range@^7.0.1":
  "integrity" "sha512-qOo9F+dMUmC2Lcb4BbVvnKJxTPjCm+RRpe4gDuGrzkL7mEVl/djYSu2OdQ2Pa302N4oqkSg9ir6jaLWJ2USVpQ=="
  "resolved" "https://registry.npmjs.org/fill-range/-/fill-range-7.0.1.tgz"
  "version" "7.0.1"
  dependencies:
    "to-regex-range" "^5.0.1"

"get-stream@^6.0.1":
  "integrity" "sha512-ts6Wi+2j3jQjqi70w5AlN8DFnkSwC+MqmxEzdEALB2qXZYV3X/b1CTfgPLGJNMeAWxdPfU8FO1ms3NUfaHCPYg=="
  "resolved" "https://registry.npmjs.org/get-stream/-/get-stream-6.0.1.tgz"
  "version" "6.0.1"

"glob-parent@~5.1.2":
  "integrity" "sha512-AOIgSQCepiJYwP3ARnGx+5VnTu2HBYdzbGP45eLw1vr3zB3vZLeyed1sC9hnbcOc9/SrMyM5RPQrkGz4aS9Zow=="
  "resolved" "https://registry.npmjs.org/glob-parent/-/glob-parent-5.1.2.tgz"
  "version" "5.1.2"
  dependencies:
    "is-glob" "^4.0.1"

"html-rewriter-wasm@^0.4.1":
  "integrity" "sha512-lNovG8CMCCmcVB1Q7xggMSf7tqPCijZXaH4gL6iE8BFghdQCbaY5Met9i1x2Ex8m/cZHDUtXK9H6/znKamRP8Q=="
  "resolved" "https://registry.npmjs.org/html-rewriter-wasm/-/html-rewriter-wasm-0.4.1.tgz"
  "version" "0.4.1"

"http-cache-semantics@^4.1.0":
  "integrity" "sha512-er295DKPVsV82j5kw1Gjt+ADA/XYHsajl82cGNQG2eyoPkvgUhX+nDIyelzhIWbbsXP39EHcI6l5tYs2FYqYXQ=="
  "resolved" "https://registry.npmjs.org/http-cache-semantics/-/http-cache-semantics-4.1.1.tgz"
  "version" "4.1.1"

"human-signals@^3.0.1":
  "integrity" "sha512-rQLskxnM/5OCldHo+wNXbpVgDn5A17CUoKX+7Sokwaknlq7CdSnphy0W39GU8dw59XiCXmFXDg4fRuckQRKewQ=="
  "resolved" "https://registry.npmjs.org/human-signals/-/human-signals-3.0.1.tgz"
  "version" "3.0.1"

"is-binary-path@~2.1.0":
  "integrity" "sha512-ZMERYes6pDydyuGidse7OsHxtbI7WVeUEozgR/g7rd0xUimYNlvZRE/K2MgZTjWy725IfelLeVcEM97mmtRGXw=="
  "resolved" "https://registry.npmjs.org/is-binary-path/-/is-binary-path-2.1.0.tgz"
  "version" "2.1.0"
  dependencies:
    "binary-extensions" "^2.0.0"

"is-extglob@^2.1.1":
  "integrity" "sha512-SbKbANkN603Vi4jEZv49LeVJMn4yGwsbzZworEoyEiutsN3nJYdbO36zfhGJ6QEDpOZIFkDtnq5JRxmvl3jsoQ=="
  "resolved" "https://registry.npmjs.org/is-extglob/-/is-extglob-2.1.1.tgz"
  "version" "2.1.1"

"is-glob@^4.0.1", "is-glob@~4.0.1":
  "integrity" "sha512-xelSayHH36ZgE7ZWhli7pW34hNbNl8Ojv5KVmkJD4hBdD3th8Tfk9vYasLM+mXWOZhFkgZfxhLSnrwRr4elSSg=="
  "resolved" "https://registry.npmjs.org/is-glob/-/is-glob-4.0.3.tgz"
  "version" "4.0.3"
  dependencies:
    "is-extglob" "^2.1.1"

"is-number@^7.0.0":
  "integrity" "sha512-41Cifkg6e8TylSpdtTpeLVMqvSBEVzTttHvERD741+pnZ8ANv0004MRL43QKPDlK9cGvNp6NZWZUBlbGXYxxng=="
  "resolved" "https://registry.npmjs.org/is-number/-/is-number-7.0.0.tgz"
  "version" "7.0.0"

"is-stream@^3.0.0":
  "integrity" "sha512-LnQR4bZ9IADDRSkvpqMGvt/tEJWclzklNgSw48V5EAaAeDd6qGvN8ei6k5p0tvxSR171VmGyHuTiAOfxAbr8kA=="
  "resolved" "https://registry.npmjs.org/is-stream/-/is-stream-3.0.0.tgz"
  "version" "3.0.0"

"isexe@^2.0.0":
  "integrity" "sha512-RHxMLp9lnKHGHRng9QFhRCMbYAcVpn69smSGcq3f36xjgVVWThj4qqLbTLlq7Ssj8B+fIQ1EuCEGI2lKsyQeIw=="
  "resolved" "https://registry.npmjs.org/isexe/-/isexe-2.0.0.tgz"
  "version" "2.0.0"

"kleur@^4.1.4":
  "integrity" "sha512-o+NO+8WrRiQEE4/7nwRJhN1HWpVmJm511pBHUxPLtp0BUISzlBplORYSmTclCnJvQq2tKu/sgl3xVpkc7ZWuQQ=="
  "resolved" "https://registry.npmjs.org/kleur/-/kleur-4.1.5.tgz"
  "version" "4.1.5"

"lru-cache@^6.0.0":
  "integrity" "sha512-Jo6dJ04CmSjuznwJSS3pUeWmd/H0ffTlkXXgwZi+eq1UCmqQwCh+eLsYOYCwY991i2Fah4h1BEMCx4qThGbsiA=="
  "resolved" "https://registry.npmjs.org/lru-cache/-/lru-cache-6.0.0.tgz"
  "version" "6.0.0"
  dependencies:
    "yallist" "^4.0.0"

"magic-string@^0.25.3":
  "integrity" "sha512-RmF0AsMzgt25qzqqLc1+MbHmhdx0ojF2Fvs4XnOqz2ZOBXzzkEwc/dJQZCYHAn7v1jbVOjAZfK8msRn4BxO4VQ=="
  "resolved" "https://registry.npmjs.org/magic-string/-/magic-string-0.25.9.tgz"
  "version" "0.25.9"
  dependencies:
    "sourcemap-codec" "^1.4.8"

"merge-stream@^2.0.0":
  "integrity" "sha512-abv/qOcuPfk3URPfDzmZU1LKmuw8kT+0nIHvKrKgFrwifol/doWcdA4ZqsWQ8ENrFKkd67Mfpo/LovbIUsbt3w=="
  "resolved" "https://registry.npmjs.org/merge-stream/-/merge-stream-2.0.0.tgz"
  "version" "2.0.0"

"mime@^3.0.0":
  "integrity" "sha512-jSCU7/VB1loIWBZe14aEYHU/+1UMEHoaO7qxCOVJOw9GgH72VAWppxNcjU+x9a2k3GSIBXNKxXQFqRvvZ7vr3A=="
  "resolved" "https://registry.npmjs.org/mime/-/mime-3.0.0.tgz"
  "version" "3.0.0"

"mimic-fn@^4.0.0":
  "integrity" "sha512-vqiC06CuhBTUdZH+RYl8sFrL096vA45Ok5ISO6sE/Mr1jRbGH4Csnhi8f3wKVl7x8mO4Au7Ir9D3Oyv1VYMFJw=="
  "resolved" "https://registry.npmjs.org/mimic-fn/-/mimic-fn-4.0.0.tgz"
  "version" "4.0.0"

"miniflare@2.11.0":
  "integrity" "sha512-QA18I1VQXdCo4nBtPJUcUDxW8c9xbc5ex5F61jwhkGVOISSnYdEheolESmjr8MYk28xwi0XD1ozS4rLaTONd+w=="
  "resolved" "https://registry.npmjs.org/miniflare/-/miniflare-2.11.0.tgz"
  "version" "2.11.0"
  dependencies:
    "@miniflare/cache" "2.11.0"
    "@miniflare/cli-parser" "2.11.0"
    "@miniflare/core" "2.11.0"
    "@miniflare/d1" "2.11.0"
    "@miniflare/durable-objects" "2.11.0"
    "@miniflare/html-rewriter" "2.11.0"
    "@miniflare/http-server" "2.11.0"
    "@miniflare/kv" "2.11.0"
    "@miniflare/queues" "2.11.0"
    "@miniflare/r2" "2.11.0"
    "@miniflare/runner-vm" "2.11.0"
    "@miniflare/scheduler" "2.11.0"
    "@miniflare/shared" "2.11.0"
    "@miniflare/sites" "2.11.0"
    "@miniflare/storage-file" "2.11.0"
    "@miniflare/storage-memory" "2.11.0"
    "@miniflare/web-sockets" "2.11.0"
    "kleur" "^4.1.4"
    "semiver" "^1.1.0"
    "source-map-support" "^0.5.20"
    "undici" "5.9.1"

"mustache@^4.2.0":
  "integrity" "sha512-71ippSywq5Yb7/tVYyGbkBggbU8H3u5Rz56fH60jGFgr8uHwxs+aSKeqmluIVzM0m0kB7xQjKS6qPfd0b2ZoqQ=="
  "resolved" "https://registry.npmjs.org/mustache/-/mustache-4.2.0.tgz"
  "version" "4.2.0"

"nanoid@^3.3.3":
  "integrity" "sha512-MqBkQh/OHTS2egovRtLk45wEyNXwF+cokD+1YPf9u5VfJiRdAiRwB2froX5Co9Rh20xs4siNPm8naNotSD6RBw=="
  "resolved" "https://registry.npmjs.org/nanoid/-/nanoid-3.3.4.tgz"
  "version" "3.3.4"

"node-forge@^1":
  "integrity" "sha512-dPEtOeMvF9VMcYV/1Wb8CPoVAXtp6MKMlcbAt4ddqmGqUJ6fQZFXkNZNkNlfevtNkGtaSoXf/vNNNSvgrdXwtA=="
  "resolved" "https://registry.npmjs.org/node-forge/-/node-forge-1.3.1.tgz"
  "version" "1.3.1"

"normalize-path@^3.0.0", "normalize-path@~3.0.0":
  "integrity" "sha512-6eZs5Ls3WtCisHWp9S2GUy8dqkpGi4BVSz3GaqiE6ezub0512ESztXUwUB6C6IKbQkY2Pnb/mD4WYojCRwcwLA=="
  "resolved" "https://registry.npmjs.org/normalize-path/-/normalize-path-3.0.0.tgz"
  "version" "3.0.0"

"npm-run-path@^5.1.0":
  "integrity" "sha512-sJOdmRGrY2sjNTRMbSvluQqg+8X7ZK61yvzBEIDhz4f8z1TZFYABsqjjCBd/0PUNE9M6QDgHJXQkGUEm7Q+l9Q=="
  "resolved" "https://registry.npmjs.org/npm-run-path/-/npm-run-path-5.1.0.tgz"
  "version" "5.1.0"
  dependencies:
    "path-key" "^4.0.0"

"npx-import@^1.1.3":
  "integrity" "sha512-3ShymTWOgqGyNlh5lMJAejLuIv3W1K3fbI5Ewc6YErZU3Sp0PqsNs8UIU1O8z5+KVl/Du5ag56Gza9vdorGEoA=="
  "resolved" "https://registry.npmjs.org/npx-import/-/npx-import-1.1.4.tgz"
  "version" "1.1.4"
  dependencies:
    "execa" "^6.1.0"
    "parse-package-name" "^1.0.0"
    "semver" "^7.3.7"
    "validate-npm-package-name" "^4.0.0"

"onetime@^6.0.0":
  "integrity" "sha512-1FlR+gjXK7X+AsAHso35MnyN5KqGwJRi/31ft6x0M194ht7S+rWAvd7PHss9xSKMzE0asv1pyIHaJYq+BbacAQ=="
  "resolved" "https://registry.npmjs.org/onetime/-/onetime-6.0.0.tgz"
  "version" "6.0.0"
  dependencies:
    "mimic-fn" "^4.0.0"

"packet-reader@1.0.0":
  "integrity" "sha512-HAKu/fG3HpHFO0AA8WE8q2g+gBJaZ9MG7fcKk+IJPLTGAD6Psw4443l+9DGRbOIh3/aXr7Phy0TjilYivJo5XQ=="
  "resolved" "https://registry.npmjs.org/packet-reader/-/packet-reader-1.0.0.tgz"
  "version" "1.0.0"

"parse-package-name@^1.0.0":
  "integrity" "sha512-kBeTUtcj+SkyfaW4+KBe0HtsloBJ/mKTPoxpVdA57GZiPerREsUWJOhVj9anXweFiJkm5y8FG1sxFZkZ0SN6wg=="
  "resolved" "https://registry.npmjs.org/parse-package-name/-/parse-package-name-1.0.0.tgz"
  "version" "1.0.0"

"path-key@^3.1.0":
  "integrity" "sha512-ojmeN0qd+y0jszEtoY48r0Peq5dwMEkIlCOu6Q5f41lfkswXuKtYrhgoTpLnyIcHm24Uhqx+5Tqm2InSwLhE6Q=="
  "resolved" "https://registry.npmjs.org/path-key/-/path-key-3.1.1.tgz"
  "version" "3.1.1"

"path-key@^4.0.0":
  "integrity" "sha512-haREypq7xkM7ErfgIyA0z+Bj4AGKlMSdlQE2jvJo6huWD1EdkKYV+G/T4nq0YEF2vgTT8kqMFKo1uHn950r4SQ=="
  "resolved" "https://registry.npmjs.org/path-key/-/path-key-4.0.0.tgz"
  "version" "4.0.0"

"path-to-regexp@^6.2.0":
  "integrity" "sha512-JLyh7xT1kizaEvcaXOQwOc2/Yhw6KZOvPf1S8401UyLk86CU79LN3vl7ztXGm/pZ+YjoyAJ4rxmHwbkBXJX+yw=="
  "resolved" "https://registry.npmjs.org/path-to-regexp/-/path-to-regexp-6.2.1.tgz"
  "version" "6.2.1"

"pg-connection-string@^2.5.0":
  "integrity" "sha512-r5o/V/ORTA6TmUnyWZR9nCj1klXCO2CEKNRlVuJptZe85QuhFayC7WeMic7ndayT5IRIR0S0xFxFi2ousartlQ=="
  "resolved" "https://registry.npmjs.org/pg-connection-string/-/pg-connection-string-2.5.0.tgz"
  "version" "2.5.0"

"pg-int8@1.0.1":
  "integrity" "sha512-WCtabS6t3c8SkpDBUlb1kjOs7l66xsGdKpIPZsg4wR+B3+u9UAum2odSsF9tnvxg80h4ZxLWMy4pRjOsFIqQpw=="
  "resolved" "https://registry.npmjs.org/pg-int8/-/pg-int8-1.0.1.tgz"
  "version" "1.0.1"

"pg-pool@^3.5.2":
  "integrity" "sha512-His3Fh17Z4eg7oANLob6ZvH8xIVen3phEZh2QuyrIl4dQSDVEabNducv6ysROKpDNPSD+12tONZVWfSgMvDD9w=="
  "resolved" "https://registry.npmjs.org/pg-pool/-/pg-pool-3.5.2.tgz"
  "version" "3.5.2"

"pg-protocol@^1.6.0":
  "integrity" "sha512-M+PDm637OY5WM307051+bsDia5Xej6d9IR4GwJse1qA1DIhiKlksvrneZOYQq42OM+spubpcNYEo2FcKQrDk+Q=="
  "resolved" "https://registry.npmjs.org/pg-protocol/-/pg-protocol-1.6.0.tgz"
  "version" "1.6.0"

"pg-types@^2.1.0":
  "integrity" "sha512-qTAAlrEsl8s4OiEQY69wDvcMIdQN6wdz5ojQiOy6YRMuynxenON0O5oCpJI6lshc6scgAY8qvJ2On/p+CXY0GA=="
  "resolved" "https://registry.npmjs.org/pg-types/-/pg-types-2.2.0.tgz"
  "version" "2.2.0"
  dependencies:
    "pg-int8" "1.0.1"
    "postgres-array" "~2.0.0"
    "postgres-bytea" "~1.0.0"
    "postgres-date" "~1.0.4"
    "postgres-interval" "^1.1.0"

"pg@^8.9.0", "pg@>=8.0":
  "integrity" "sha512-ZJM+qkEbtOHRuXjmvBtOgNOXOtLSbxiMiUVMgE4rV6Zwocy03RicCVvDXgx8l4Biwo8/qORUnEqn2fdQzV7KCg=="
  "resolved" "https://registry.npmjs.org/pg/-/pg-8.9.0.tgz"
  "version" "8.9.0"
  dependencies:
    "buffer-writer" "2.0.0"
    "packet-reader" "1.0.0"
    "pg-connection-string" "^2.5.0"
    "pg-pool" "^3.5.2"
    "pg-protocol" "^1.6.0"
    "pg-types" "^2.1.0"
    "pgpass" "1.x"

"pgpass@1.x":
  "integrity" "sha512-FdW9r/jQZhSeohs1Z3sI1yxFQNFvMcnmfuj4WBMUTxOrAyLMaTcE1aAMBiTlbMNaXvBCQuVi0R7hd8udDSP7ug=="
  "resolved" "https://registry.npmjs.org/pgpass/-/pgpass-1.0.5.tgz"
  "version" "1.0.5"
  dependencies:
    "split2" "^4.1.0"

"picomatch@^2.0.4", "picomatch@^2.2.1", "picomatch@^2.3.1":
  "integrity" "sha512-JU3teHTNjmE2VCGFzuY8EXzCDVwEqB2a8fsIvwaStHhAWJEeVd1o1QD80CU6+ZdEXXSLbSsuLwJjkCBWqRQUVA=="
  "resolved" "https://registry.npmjs.org/picomatch/-/picomatch-2.3.1.tgz"
  "version" "2.3.1"

"postgres-array@~2.0.0":
  "integrity" "sha512-VpZrUqU5A69eQyW2c5CA1jtLecCsN2U/bD6VilrFDWq5+5UIEVO7nazS3TEcHf1zuPYO/sqGvUvW62g86RXZuA=="
  "resolved" "https://registry.npmjs.org/postgres-array/-/postgres-array-2.0.0.tgz"
  "version" "2.0.0"

"postgres-bytea@~1.0.0":
  "integrity" "sha512-xy3pmLuQqRBZBXDULy7KbaitYqLcmxigw14Q5sj8QBVLqEwXfeybIKVWiqAXTlcvdvb0+xkOtDbfQMOf4lST1w=="
  "resolved" "https://registry.npmjs.org/postgres-bytea/-/postgres-bytea-1.0.0.tgz"
  "version" "1.0.0"

"postgres-date@~1.0.4":
  "integrity" "sha512-suDmjLVQg78nMK2UZ454hAG+OAW+HQPZ6n++TNDUX+L0+uUlLywnoxJKDou51Zm+zTCjrCl0Nq6J9C5hP9vK/Q=="
  "resolved" "https://registry.npmjs.org/postgres-date/-/postgres-date-1.0.7.tgz"
  "version" "1.0.7"

"postgres-interval@^1.1.0":
  "integrity" "sha512-9ZhXKM/rw350N1ovuWHbGxnGh/SNJ4cnxHiM0rxE4VN41wsg8P8zWn9hv/buK00RP4WvlOyr/RBDiptyxVbkZQ=="
  "resolved" "https://registry.npmjs.org/postgres-interval/-/postgres-interval-1.2.0.tgz"
  "version" "1.2.0"
  dependencies:
    "xtend" "^4.0.0"

"readdirp@~3.6.0":
  "integrity" "sha512-hOS089on8RduqdbhvQ5Z37A0ESjsqz6qnRcffsMU3495FuTdqSm+7bhJ29JvIOsBDEEnan5DPu9t3To9VRlMzA=="
  "resolved" "https://registry.npmjs.org/readdirp/-/readdirp-3.6.0.tgz"
  "version" "3.6.0"
  dependencies:
    "picomatch" "^2.2.1"

"rollup-plugin-inject@^3.0.0":
  "integrity" "sha512-ptg9PQwzs3orn4jkgXJ74bfs5vYz1NCZlSQMBUA0wKcGp5i5pA1AO3fOUEte8enhGUC+iapTCzEWw2jEFFUO/w=="
  "resolved" "https://registry.npmjs.org/rollup-plugin-inject/-/rollup-plugin-inject-3.0.2.tgz"
  "version" "3.0.2"
  dependencies:
    "estree-walker" "^0.6.1"
    "magic-string" "^0.25.3"
    "rollup-pluginutils" "^2.8.1"

"rollup-plugin-node-polyfills@^0.2.1":
  "integrity" "sha512-4kCrKPTJ6sK4/gLL/U5QzVT8cxJcofO0OU74tnB19F40cmuAKSzH5/siithxlofFEjwvw1YAhPmbvGNA6jEroA=="
  "resolved" "https://registry.npmjs.org/rollup-plugin-node-polyfills/-/rollup-plugin-node-polyfills-0.2.1.tgz"
  "version" "0.2.1"
  dependencies:
    "rollup-plugin-inject" "^3.0.0"

"rollup-pluginutils@^2.8.1":
  "integrity" "sha512-EEp9NhnUkwY8aif6bxgovPHMoMoNr2FulJziTndpt5H9RdwC47GSGuII9XxpSdzVGM0GWrNPHV6ie1LTNJPaLQ=="
  "resolved" "https://registry.npmjs.org/rollup-pluginutils/-/rollup-pluginutils-2.8.2.tgz"
  "version" "2.8.2"
  dependencies:
    "estree-walker" "^0.6.1"

"selfsigned@^2.0.0", "selfsigned@^2.0.1":
  "integrity" "sha512-GSL3aowiF7wa/WtSFwnUrludWFoNhftq8bUkH9pkzjpN2XSPOAYEgg6e0sS9s0rZwgJzJiQRPU18A6clnoW5wQ=="
  "resolved" "https://registry.npmjs.org/selfsigned/-/selfsigned-2.1.1.tgz"
  "version" "2.1.1"
  dependencies:
    "node-forge" "^1"

"semiver@^1.1.0":
  "integrity" "sha512-QNI2ChmuioGC1/xjyYwyZYADILWyW6AmS1UH6gDj/SFUUUS4MBAWs/7mxnkRPc/F4iHezDP+O8t0dO8WHiEOdg=="
  "resolved" "https://registry.npmjs.org/semiver/-/semiver-1.1.0.tgz"
  "version" "1.1.0"

"semver@^7.0.0", "semver@^7.3.7":
  "integrity" "sha512-NB1ctGL5rlHrPJtFDVIVzTyQylMLu9N9VICA6HSFJo8MCGVTMW6gfpicwKmmK/dAjTOrqu5l63JJOpDSrAis3A=="
  "resolved" "https://registry.npmjs.org/semver/-/semver-7.3.8.tgz"
  "version" "7.3.8"
  dependencies:
    "lru-cache" "^6.0.0"

"set-cookie-parser@^2.4.8":
  "integrity" "sha512-1jeBGaKNGdEq4FgIrORu/N570dwoPYio8lSoYLWmX7sQ//0JY08Xh9o5pBcgmHQ/MbsYp/aZnOe1s1lIsbLprQ=="
  "resolved" "https://registry.npmjs.org/set-cookie-parser/-/set-cookie-parser-2.5.1.tgz"
  "version" "2.5.1"

"shebang-command@^2.0.0":
  "integrity" "sha512-kHxr2zZpYtdmrN1qDjrrX/Z1rR1kG8Dx+gkpK1G4eXmvXswmcE1hTWBWYUzlraYw1/yZp6YuDY77YtvbN0dmDA=="
  "resolved" "https://registry.npmjs.org/shebang-command/-/shebang-command-2.0.0.tgz"
  "version" "2.0.0"
  dependencies:
    "shebang-regex" "^3.0.0"

"shebang-regex@^3.0.0":
  "integrity" "sha512-7++dFhtcx3353uBaq8DDR4NuxBetBzC7ZQOhmTQInHEd6bSrXdiEyzCvG07Z44UYdLShWUyXt5M/yhz8ekcb1A=="
  "resolved" "https://registry.npmjs.org/shebang-regex/-/shebang-regex-3.0.0.tgz"
  "version" "3.0.0"

"signal-exit@^3.0.7":
  "integrity" "sha512-wnD2ZE+l+SPC/uoS0vXeE9L1+0wuaMqKlfz9AMUo38JsyLSBWSFcHR1Rri62LZc12vLr1gb3jl7iwQhgwpAbGQ=="
  "resolved" "https://registry.npmjs.org/signal-exit/-/signal-exit-3.0.7.tgz"
  "version" "3.0.7"

"source-map-support@^0.5.20":
  "integrity" "sha512-uBHU3L3czsIyYXKX88fdrGovxdSCoTGDRZ6SYXtSRxLZUzHg5P/66Ht6uoUlHu9EZod+inXhKo3qQgwXUT/y1w=="
  "resolved" "https://registry.npmjs.org/source-map-support/-/source-map-support-0.5.21.tgz"
  "version" "0.5.21"
  dependencies:
    "buffer-from" "^1.0.0"
    "source-map" "^0.6.0"

"source-map@^0.6.0":
  "integrity" "sha512-UjgapumWlbMhkBgzT7Ykc5YXUT46F0iKu8SGXq0bcwP5dz/h0Plj6enJqjz1Zbq2l5WaqYnrVbwWOWMyF3F47g=="
  "resolved" "https://registry.npmjs.org/source-map/-/source-map-0.6.1.tgz"
  "version" "0.6.1"

"source-map@^0.7.4":
  "integrity" "sha512-l3BikUxvPOcn5E74dZiq5BGsTb5yEwhaTSzccU6t4sDOH8NWJCstKO5QT2CvtFoK6F0saL7p9xHAqHOlCPJygA=="
  "resolved" "https://registry.npmjs.org/source-map/-/source-map-0.7.4.tgz"
  "version" "0.7.4"

"sourcemap-codec@^1.4.8":
  "integrity" "sha512-9NykojV5Uih4lgo5So5dtw+f0JgJX30KCNI8gwhz2J9A15wD0Ml6tjHKwf6fTSa6fAdVBdZeNOs9eJ71qCk8vA=="
  "resolved" "https://registry.npmjs.org/sourcemap-codec/-/sourcemap-codec-1.4.8.tgz"
  "version" "1.4.8"

"split2@^4.1.0":
  "integrity" "sha512-VBiJxFkxiXRlUIeyMQi8s4hgvKCSjtknJv/LVYbrgALPwf5zSKmEwV9Lst25AkvMDnvxODugjdl6KZgwKM1WYQ=="
  "resolved" "https://registry.npmjs.org/split2/-/split2-4.1.0.tgz"
  "version" "4.1.0"

"stack-trace@0.0.10":
  "integrity" "sha512-KGzahc7puUKkzyMt+IqAep+TVNbKP+k2Lmwhub39m1AsTSkaDutx56aDCo+HLDzf/D26BIHTJWNiTG1KAJiQCg=="
  "resolved" "https://registry.npmjs.org/stack-trace/-/stack-trace-0.0.10.tgz"
  "version" "0.0.10"

"streamsearch@^1.1.0":
  "integrity" "sha512-Mcc5wHehp9aXz1ax6bZUyY5afg9u2rv5cqQI3mRrYkGC8rW2hM02jWuwjtL++LS5qinSyhj2QfLyNsuc+VsExg=="
  "resolved" "https://registry.npmjs.org/streamsearch/-/streamsearch-1.1.0.tgz"
  "version" "1.1.0"

"strip-final-newline@^3.0.0":
  "integrity" "sha512-dOESqjYr96iWYylGObzd39EuNTa5VJxyvVAEm5Jnh7KGo75V43Hk1odPQkNDyXNmUR6k+gEiDVXnjB8HJ3crXw=="
  "resolved" "https://registry.npmjs.org/strip-final-newline/-/strip-final-newline-3.0.0.tgz"
  "version" "3.0.0"

"to-regex-range@^5.0.1":
  "integrity" "sha512-65P7iz6X5yEr1cwcgvQxbbIw7Uk3gOy5dIdtZ4rDveLqhrdJP+Li/Hx6tyK0NEb+2GCyneCMJiGqrADCSNk8sQ=="
  "resolved" "https://registry.npmjs.org/to-regex-range/-/to-regex-range-5.0.1.tgz"
  "version" "5.0.1"
  dependencies:
    "is-number" "^7.0.0"

"toucan-js@^3.1.0":
  "integrity" "sha512-bRbq/HB+aSfwbsSoCNI6qyPXx2bhsscxSYxnAY63xXv9lIeOLUYfvYdOIBWfAVj9QHNST+X83GQ0lj/llvHpVg=="
  "resolved" "https://registry.npmjs.org/toucan-js/-/toucan-js-3.1.0.tgz"
  "version" "3.1.0"
  dependencies:
    "@sentry/core" "7.28.1"
    "@sentry/types" "7.28.1"
    "@sentry/utils" "7.28.1"

"tslib@^1.9.3":
  "integrity" "sha512-Xni35NKzjgMrwevysHTCArtLDpPvye8zV/0E4EyYn43P7/7qvQwPh9BGkHewbMulVntbigmcT7rdX3BNo9wRJg=="
  "resolved" "https://registry.npmjs.org/tslib/-/tslib-1.14.1.tgz"
  "version" "1.14.1"

"typescript@^4.9.4":
  "integrity" "sha512-1FXk9E2Hm+QzZQ7z+McJiHL4NW1F2EzMu9Nq9i3zAaGqibafqYwCVU6WyWAuyQRRzOlxou8xZSyXLEN8oKj24g=="
  "resolved" "https://registry.npmjs.org/typescript/-/typescript-4.9.5.tgz"
  "version" "4.9.5"

"undici@5.9.1":
  "integrity" "sha512-6fB3a+SNnWEm4CJbgo0/CWR8RGcOCQP68SF4X0mxtYTq2VNN8T88NYrWVBAeSX+zb7bny2dx2iYhP3XHi00omg=="
  "resolved" "https://registry.npmjs.org/undici/-/undici-5.9.1.tgz"
  "version" "5.9.1"

"urlpattern-polyfill@^4.0.3":
  "integrity" "sha512-DOE84vZT2fEcl9gqCUTcnAw5ZY5Id55ikUcziSUntuEFL3pRvavg5kwDmTEUJkeCHInTlV/HexFomgYnzO5kdQ=="
  "resolved" "https://registry.npmjs.org/urlpattern-polyfill/-/urlpattern-polyfill-4.0.3.tgz"
  "version" "4.0.3"

"validate-npm-package-name@^4.0.0":
  "integrity" "sha512-mzR0L8ZDktZjpX4OB46KT+56MAhl4EIazWP/+G/HPGuvfdaqg4YsCdtOm6U9+LOFyYDoh4dpnpxZRB9MQQns5Q=="
  "resolved" "https://registry.npmjs.org/validate-npm-package-name/-/validate-npm-package-name-4.0.0.tgz"
  "version" "4.0.0"
  dependencies:
    "builtins" "^5.0.0"

"which@^2.0.1":
  "integrity" "sha512-BLI3Tl1TW3Pvl70l3yq3Y64i+awpwXqsGBYWkkqMtnbXgrMD+yj7rhW0kuEDxzJaYXGjEW5ogapKNMEKNMjibA=="
  "resolved" "https://registry.npmjs.org/which/-/which-2.0.2.tgz"
  "version" "2.0.2"
  dependencies:
    "isexe" "^2.0.0"

"wrangler@2.7.1":
  "integrity" "sha512-SKoe+UTOCX0J+RfEDE6MEdnNy1lDSnB1BfpAEblgvDHjmEunPFu0w6GxcyOYAl/fTl3/VjXZO3p+Ybm9zenzWg=="
  "resolved" "https://registry.npmjs.org/wrangler/-/wrangler-2.7.1.tgz"
  "version" "2.7.1"
  dependencies:
    "@cloudflare/kv-asset-handler" "^0.2.0"
    "@esbuild-plugins/node-globals-polyfill" "^0.1.1"
    "@esbuild-plugins/node-modules-polyfill" "^0.1.4"
    "@miniflare/core" "2.11.0"
    "@miniflare/d1" "2.11.0"
    "@miniflare/durable-objects" "2.11.0"
    "blake3-wasm" "^2.1.5"
    "chokidar" "^3.5.3"
    "esbuild" "0.14.51"
    "miniflare" "2.11.0"
    "nanoid" "^3.3.3"
    "path-to-regexp" "^6.2.0"
    "selfsigned" "^2.0.1"
    "source-map" "^0.7.4"
    "xxhash-wasm" "^1.0.1"
  optionalDependencies:
    "fsevents" "~2.3.2"

"ws@^8.2.2":
  "integrity" "sha512-kU62emKIdKVeEIOIKVegvqpXMSTAMLJozpHZaJNDYqBjzlSYXQGviYwN1osDLJ9av68qHd4a2oSjd7yD4pacig=="
  "resolved" "https://registry.npmjs.org/ws/-/ws-8.12.0.tgz"
  "version" "8.12.0"

"xtend@^4.0.0":
  "integrity" "sha512-LKYU1iAXJXUgAXn9URjiu+MWhyUXHsvfp7mcuYm9dSUKK0/CjtrUwFAxD82/mCWbtLsGjFIad0wIsod4zrTAEQ=="
  "resolved" "https://registry.npmjs.org/xtend/-/xtend-4.0.2.tgz"
  "version" "4.0.2"

"xxhash-wasm@^1.0.1":
  "integrity" "sha512-ibF0Or+FivM9lNrg+HGJfVX8WJqgo+kCLDc4vx6xMeTce7Aj+DLttKbxxRR/gNLSAelRc1omAPlJ77N/Jem07A=="
  "resolved" "https://registry.npmjs.org/xxhash-wasm/-/xxhash-wasm-1.0.2.tgz"
  "version" "1.0.2"

"yallist@^4.0.0":
  "integrity" "sha512-3wdGidZyq5PB084XLES5TpOSRA3wjXAlIWMhum2kRcv/41Sn2emQ0dycQW4uZXLejwKvg6EsvbdlVL+FYEct7A=="
  "resolved" "https://registry.npmjs.org/yallist/-/yallist-4.0.0.tgz"
  "version" "4.0.0"

"youch@^2.2.2":
  "integrity" "sha512-/FaCeG3GkuJwaMR34GHVg0l8jCbafZLHiFowSjqLlqhC6OMyf2tPJBu8UirF7/NI9X/R5ai4QfEKUCOxMAGxZQ=="
  "resolved" "https://registry.npmjs.org/youch/-/youch-2.2.2.tgz"
  "version" "2.2.2"
  dependencies:
    "@types/stack-trace" "0.0.29"
    "cookie" "^0.4.1"
    "mustache" "^4.2.0"
    "stack-trace" "0.0.10"
