# THIS IS AN AUTOGENERATED FILE. DO NOT EDIT THIS FILE DIRECTLY.
# yarn lockfile v1


"@cloudflare/kv-asset-handler@^0.2.0":
  version "0.2.0"
  resolved "https://registry.yarnpkg.com/@cloudflare/kv-asset-handler/-/kv-asset-handler-0.2.0.tgz#c9959bbd7a1c40bd7c674adae98aa8c8d0e5ca68"
  integrity sha512-MVbXLbTcAotOPUj0pAMhVtJ+3/kFkwJqc5qNOleOZTv6QkZZABDMS21dSrSlVswEHwrpWC03e4fWytjqKvuE2A==
  dependencies:
    mime "^3.0.0"

"@cloudflare/workers-types@^4.20221111.1":
  version "4.20230115.0"
  resolved "https://registry.yarnpkg.com/@cloudflare/workers-types/-/workers-types-4.20230115.0.tgz#84e6c7b1a753098dbc7cd718fdcf191c215225af"
  integrity sha512-GPJEiO8AFN+jUpA+DHJ1qdVmk4s/hq8JYKjOV/+U7avGquQbVnj905+Kg6uAEfrq16muwmRKl+XJGqsvlBlDNg==

"@esbuild-plugins/node-globals-polyfill@^0.1.1":
  version "0.1.1"
  resolved "https://registry.yarnpkg.com/@esbuild-plugins/node-globals-polyfill/-/node-globals-polyfill-0.1.1.tgz#a313ab3efbb2c17c8ce376aa216c627c9b40f9d7"
  integrity sha512-MR0oAA+mlnJWrt1RQVQ+4VYuRJW/P2YmRTv1AsplObyvuBMnPHiizUF95HHYiSsMGLhyGtWufaq2XQg6+iurBg==

"@esbuild-plugins/node-modules-polyfill@^0.1.4":
  version "0.1.4"
  resolved "https://registry.yarnpkg.com/@esbuild-plugins/node-modules-polyfill/-/node-modules-polyfill-0.1.4.tgz#eb2f55da11967b2986c913f1a7957d1c868849c0"
  integrity sha512-uZbcXi0zbmKC/050p3gJnne5Qdzw8vkXIv+c2BW0Lsc1ji1SkrxbKPUy5Efr0blbTu1SL8w4eyfpnSdPg3G0Qg==
  dependencies:
    escape-string-regexp "^4.0.0"
    rollup-plugin-node-polyfills "^0.2.1"

"@esbuild/android-arm64@0.16.3":
  version "0.16.3"
  resolved "https://registry.yarnpkg.com/@esbuild/android-arm64/-/android-arm64-0.16.3.tgz#6af6d16be6d534d776a51fc215bfd81a68906d2c"
  integrity sha512-RolFVeinkeraDvN/OoRf1F/lP0KUfGNb5jxy/vkIMeRRChkrX/HTYN6TYZosRJs3a1+8wqpxAo5PI5hFmxyPRg==

"@esbuild/android-arm@0.16.3":
  version "0.16.3"
  resolved "https://registry.yarnpkg.com/@esbuild/android-arm/-/android-arm-0.16.3.tgz#2a091222f3b1928e3246fb3c5202eaca88baab67"
  integrity sha512-mueuEoh+s1eRbSJqq9KNBQwI4QhQV6sRXIfTyLXSHGMpyew61rOK4qY21uKbXl1iBoMb0AdL1deWFCQVlN2qHA==

"@esbuild/android-x64@0.16.3":
  version "0.16.3"
  resolved "https://registry.yarnpkg.com/@esbuild/android-x64/-/android-x64-0.16.3.tgz#a6d749c58b022d371dc40d50ac1bb4aebd1eb953"
  integrity sha512-SFpTUcIT1bIJuCCBMCQWq1bL2gPTjWoLZdjmIhjdcQHaUfV41OQfho6Ici5uvvkMmZRXIUGpM3GxysP/EU7ifQ==

"@esbuild/darwin-arm64@0.16.3":
  version "0.16.3"
  resolved "https://registry.yarnpkg.com/@esbuild/darwin-arm64/-/darwin-arm64-0.16.3.tgz#92d1826ed2f21dcac5830b70d7215c6afbb744e2"
  integrity sha512-DO8WykMyB+N9mIDfI/Hug70Dk1KipavlGAecxS3jDUwAbTpDXj0Lcwzw9svkhxfpCagDmpaTMgxWK8/C/XcXvw==

"@esbuild/darwin-x64@0.16.3":
  version "0.16.3"
  resolved "https://registry.yarnpkg.com/@esbuild/darwin-x64/-/darwin-x64-0.16.3.tgz#7fc3570c2b16e9ff4fc178593a0a4adb1ae8ea57"
  integrity sha512-uEqZQ2omc6BvWqdCiyZ5+XmxuHEi1SPzpVxXCSSV2+Sh7sbXbpeNhHIeFrIpRjAs0lI1FmA1iIOxFozKBhKgRQ==

"@esbuild/freebsd-arm64@0.16.3":
  version "0.16.3"
  resolved "https://registry.yarnpkg.com/@esbuild/freebsd-arm64/-/freebsd-arm64-0.16.3.tgz#16735ce16f8c9a4e7289e9e259aa01a8d9874307"
  integrity sha512-nJansp3sSXakNkOD5i5mIz2Is/HjzIhFs49b1tjrPrpCmwgBmH9SSzhC/Z1UqlkivqMYkhfPwMw1dGFUuwmXhw==

"@esbuild/freebsd-x64@0.16.3":
  version "0.16.3"
  resolved "https://registry.yarnpkg.com/@esbuild/freebsd-x64/-/freebsd-x64-0.16.3.tgz#f4edd1464cb072799ed6b8ab5178478e71c13459"
  integrity sha512-TfoDzLw+QHfc4a8aKtGSQ96Wa+6eimljjkq9HKR0rHlU83vw8aldMOUSJTUDxbcUdcgnJzPaX8/vGWm7vyV7ug==

"@esbuild/linux-arm64@0.16.3":
  version "0.16.3"
  resolved "https://registry.yarnpkg.com/@esbuild/linux-arm64/-/linux-arm64-0.16.3.tgz#4b7ae6fe3618d9a40d6ca39c6edc991ac1447203"
  integrity sha512-7I3RlsnxEFCHVZNBLb2w7unamgZ5sVwO0/ikE2GaYvYuUQs9Qte/w7TqWcXHtCwxvZx/2+F97ndiUQAWs47ZfQ==

"@esbuild/linux-arm@0.16.3":
  version "0.16.3"
  resolved "https://registry.yarnpkg.com/@esbuild/linux-arm/-/linux-arm-0.16.3.tgz#4b3e9f849822e16a76a70844c4db68075b259a58"
  integrity sha512-VwswmSYwVAAq6LysV59Fyqk3UIjbhuc6wb3vEcJ7HEJUtFuLK9uXWuFoH1lulEbE4+5GjtHi3MHX+w1gNHdOWQ==

"@esbuild/linux-ia32@0.16.3":
  version "0.16.3"
  resolved "https://registry.yarnpkg.com/@esbuild/linux-ia32/-/linux-ia32-0.16.3.tgz#2ff3936b91bfff62f9ecf7f6411ef399b29ed22d"
  integrity sha512-X8FDDxM9cqda2rJE+iblQhIMYY49LfvW4kaEjoFbTTQ4Go8G96Smj2w3BRTwA8IHGoi9dPOPGAX63dhuv19UqA==

"@esbuild/linux-loong64@0.16.3":
  version "0.16.3"
  resolved "https://registry.yarnpkg.com/@esbuild/linux-loong64/-/linux-loong64-0.16.3.tgz#ff8aa59f49d9ccbc1ff952ba1f5cd01a534562df"
  integrity sha512-hIbeejCOyO0X9ujfIIOKjBjNAs9XD/YdJ9JXAy1lHA+8UXuOqbFe4ErMCqMr8dhlMGBuvcQYGF7+kO7waj2KHw==

"@esbuild/linux-mips64el@0.16.3":
  version "0.16.3"
  resolved "https://registry.yarnpkg.com/@esbuild/linux-mips64el/-/linux-mips64el-0.16.3.tgz#5dd5e118071c3912df69beedbfd11fb117f0fe5e"
  integrity sha512-znFRzICT/V8VZQMt6rjb21MtAVJv/3dmKRMlohlShrbVXdBuOdDrGb+C2cZGQAR8RFyRe7HS6klmHq103WpmVw==

"@esbuild/linux-ppc64@0.16.3":
  version "0.16.3"
  resolved "https://registry.yarnpkg.com/@esbuild/linux-ppc64/-/linux-ppc64-0.16.3.tgz#36c62e24eae7fa3f0d921506da8fc1e6098a1364"
  integrity sha512-EV7LuEybxhXrVTDpbqWF2yehYRNz5e5p+u3oQUS2+ZFpknyi1NXxr8URk4ykR8Efm7iu04//4sBg249yNOwy5Q==

"@esbuild/linux-riscv64@0.16.3":
  version "0.16.3"
  resolved "https://registry.yarnpkg.com/@esbuild/linux-riscv64/-/linux-riscv64-0.16.3.tgz#f0fec8e7affb5bcc817fefc61a21cbb95539e393"
  integrity sha512-uDxqFOcLzFIJ+r/pkTTSE9lsCEaV/Y6rMlQjUI9BkzASEChYL/aSQjZjchtEmdnVxDKETnUAmsaZ4pqK1eE5BQ==

"@esbuild/linux-s390x@0.16.3":
  version "0.16.3"
  resolved "https://registry.yarnpkg.com/@esbuild/linux-s390x/-/linux-s390x-0.16.3.tgz#22e10edd6e91f53c2e1f60e46abd453d7794409b"
  integrity sha512-NbeREhzSxYwFhnCAQOQZmajsPYtX71Ufej3IQ8W2Gxskfz9DK58ENEju4SbpIj48VenktRASC52N5Fhyf/aliQ==

"@esbuild/linux-x64@0.16.3":
  version "0.16.3"
  resolved "https://registry.yarnpkg.com/@esbuild/linux-x64/-/linux-x64-0.16.3.tgz#38388b73fd9eebe45b073d7d8099b9c2e54f7139"
  integrity sha512-SDiG0nCixYO9JgpehoKgScwic7vXXndfasjnD5DLbp1xltANzqZ425l7LSdHynt19UWOcDjG9wJJzSElsPvk0w==

"@esbuild/netbsd-x64@0.16.3":
  version "0.16.3"
  resolved "https://registry.yarnpkg.com/@esbuild/netbsd-x64/-/netbsd-x64-0.16.3.tgz#e0270569567f1530b8dbe6d11d5b4930b9cc71ae"
  integrity sha512-AzbsJqiHEq1I/tUvOfAzCY15h4/7Ivp3ff/o1GpP16n48JMNAtbW0qui2WCgoIZArEHD0SUQ95gvR0oSO7ZbdA==

"@esbuild/openbsd-x64@0.16.3":
  version "0.16.3"
  resolved "https://registry.yarnpkg.com/@esbuild/openbsd-x64/-/openbsd-x64-0.16.3.tgz#3b16642d443848bca605f33ee3978a1890911e6d"
  integrity sha512-gSABi8qHl8k3Cbi/4toAzHiykuBuWLZs43JomTcXkjMZVkp0gj3gg9mO+9HJW/8GB5H89RX/V0QP4JGL7YEEVg==

"@esbuild/sunos-x64@0.16.3":
  version "0.16.3"
  resolved "https://registry.yarnpkg.com/@esbuild/sunos-x64/-/sunos-x64-0.16.3.tgz#a838f247867380f0ae25ce1936dc5ab6f57b7734"
  integrity sha512-SF9Kch5Ete4reovvRO6yNjMxrvlfT0F0Flm+NPoUw5Z4Q3r1d23LFTgaLwm3Cp0iGbrU/MoUI+ZqwCv5XJijCw==

"@esbuild/win32-arm64@0.16.3":
  version "0.16.3"
  resolved "https://registry.yarnpkg.com/@esbuild/win32-arm64/-/win32-arm64-0.16.3.tgz#bedd9bef5fb41f89ce2599f1761973cf6d6a67b6"
  integrity sha512-u5aBonZIyGopAZyOnoPAA6fGsDeHByZ9CnEzyML9NqntK6D/xl5jteZUKm/p6nD09+v3pTM6TuUIqSPcChk5gg==

"@esbuild/win32-ia32@0.16.3":
  version "0.16.3"
  resolved "https://registry.yarnpkg.com/@esbuild/win32-ia32/-/win32-ia32-0.16.3.tgz#49800aa812d8cc35ceef61e8d3b01224684cc0b1"
  integrity sha512-GlgVq1WpvOEhNioh74TKelwla9KDuAaLZrdxuuUgsP2vayxeLgVc+rbpIv0IYF4+tlIzq2vRhofV+KGLD+37EQ==

"@esbuild/win32-x64@0.16.3":
  version "0.16.3"
  resolved "https://registry.yarnpkg.com/@esbuild/win32-x64/-/win32-x64-0.16.3.tgz#94047dae921949cfb308117d993c4b941291ae10"
  integrity sha512-5/JuTd8OWW8UzEtyf19fbrtMJENza+C9JoPIkvItgTBQ1FO2ZLvjbPO6Xs54vk0s5JB5QsfieUEshRQfu7ZHow==

"@iarna/toml@^2.2.5":
  version "2.2.5"
  resolved "https://registry.yarnpkg.com/@iarna/toml/-/toml-2.2.5.tgz#b32366c89b43c6f8cefbdefac778b9c828e3ba8c"
  integrity sha512-trnsAYxU3xnS1gPHPyU961coFyLkh4gAD/0zQ5mymY4yOZ+CYvsPqUbOFSw0aDM4y0tV7tiFxL/1XfXPNC6IPg==

"@miniflare/cache@2.13.0":
  version "2.13.0"
  resolved "https://registry.yarnpkg.com/@miniflare/cache/-/cache-2.13.0.tgz#896424c1c6c3cdba2ec8641b68d7424cfa556dca"
  integrity sha512-y3SdN3SVyPECWmLAEGkkrv0RB+LugEPs/FeXn8QtN9aE1vyj69clOAgmsDzoh1DpFfFsLKRiv05aWs4m79P8Xw==
  dependencies:
    "@miniflare/core" "2.13.0"
    "@miniflare/shared" "2.13.0"
    http-cache-semantics "^4.1.0"
    undici "5.20.0"

"@miniflare/cli-parser@2.13.0":
  version "2.13.0"
  resolved "https://registry.yarnpkg.com/@miniflare/cli-parser/-/cli-parser-2.13.0.tgz#999c34b8d92f1cf0a85bc567cc9d7c2fdbdfd420"
  integrity sha512-Nx1PIfuMZ3mK9Dg/JojWZAjHR16h1pcdCFSqYln/ME7y5ifx+P1E5UkShWUQ1cBlibNaltjbJ2n/7stSAsIGPQ==
  dependencies:
    "@miniflare/shared" "2.13.0"
    kleur "^4.1.4"

"@miniflare/core@2.13.0":
  version "2.13.0"
  resolved "https://registry.yarnpkg.com/@miniflare/core/-/core-2.13.0.tgz#abde9ac31046e18f772193b192e49796c2853152"
  integrity sha512-YJ/C0J3k+7xn4gvlMpvePnM3xC8nOnkweW96cc0IA8kJ1JSmScOO2tZ7rrU1RyDgp6StkAtQBw4yC0wYeFycBw==
  dependencies:
    "@iarna/toml" "^2.2.5"
    "@miniflare/queues" "2.13.0"
    "@miniflare/shared" "2.13.0"
    "@miniflare/watcher" "2.13.0"
    busboy "^1.6.0"
    dotenv "^10.0.0"
    kleur "^4.1.4"
    set-cookie-parser "^2.4.8"
    undici "5.20.0"
    urlpattern-polyfill "^4.0.3"

"@miniflare/d1@2.13.0":
  version "2.13.0"
  resolved "https://registry.yarnpkg.com/@miniflare/d1/-/d1-2.13.0.tgz#550cb2fb7ed89f29d267e27f5636a5e98cdc8050"
  integrity sha512-OslqjO8iTcvzyrC0spByftMboRmHJEyHyTHnlKkjWDGdQQztEOjso2Xj+3I4SZIeUYvbzDRhKLS2QXI9a8LS5A==
  dependencies:
    "@miniflare/core" "2.13.0"
    "@miniflare/shared" "2.13.0"

"@miniflare/durable-objects@2.13.0":
  version "2.13.0"
  resolved "https://registry.yarnpkg.com/@miniflare/durable-objects/-/durable-objects-2.13.0.tgz#e285818f23702b127f717f9f319cbcadfbfe9a77"
  integrity sha512-CRGVBPO9vY4Fc3aV+pdPRVVeYIt64vQqvw+BJbyW+TQtqVP2CGQeziJGnCfcONNNKyooZxGyUkHewUypyH+Qhg==
  dependencies:
    "@miniflare/core" "2.13.0"
    "@miniflare/shared" "2.13.0"
    "@miniflare/storage-memory" "2.13.0"
    undici "5.20.0"

"@miniflare/html-rewriter@2.13.0":
  version "2.13.0"
  resolved "https://registry.yarnpkg.com/@miniflare/html-rewriter/-/html-rewriter-2.13.0.tgz#ec0f2e2de57a15b14990b1ce57497ebbd754fe07"
  integrity sha512-XhN7Icyzvtvu+o/A0hrnSiSmla78seCaNwQ9M1TDHxt352I/ahPX4wtPXs6GbKqY0/i+V6yoG2KGFRQ/j59cQQ==
  dependencies:
    "@miniflare/core" "2.13.0"
    "@miniflare/shared" "2.13.0"
    html-rewriter-wasm "^0.4.1"
    undici "5.20.0"

"@miniflare/http-server@2.13.0":
  version "2.13.0"
  resolved "https://registry.yarnpkg.com/@miniflare/http-server/-/http-server-2.13.0.tgz#6a178b073ea782065ac9c79d70cb82e3fb921ce2"
  integrity sha512-aMS/nUMTKP15hKnyZboeuWCiqmNrrCu+XRBY/TxDDl07iXcLpiHGf3oVv+yXxXkWlJHJVCbK7i/nXSNPllRMSw==
  dependencies:
    "@miniflare/core" "2.13.0"
    "@miniflare/shared" "2.13.0"
    "@miniflare/web-sockets" "2.13.0"
    kleur "^4.1.4"
    selfsigned "^2.0.0"
    undici "5.20.0"
    ws "^8.2.2"
    youch "^2.2.2"

"@miniflare/kv@2.13.0":
  version "2.13.0"
  resolved "https://registry.yarnpkg.com/@miniflare/kv/-/kv-2.13.0.tgz#a9de0d519b4345c6845584e2fab84ca2f2186c8e"
  integrity sha512-J0AS5x3g/YVOmHMxMAZs07nRXRvSo9jyuC0eikTBf+4AABvBIyvVYmdTjYNjCmr8O5smcfWBX5S27HelD3aAAQ==
  dependencies:
    "@miniflare/shared" "2.13.0"

"@miniflare/queues@2.13.0":
  version "2.13.0"
  resolved "https://registry.yarnpkg.com/@miniflare/queues/-/queues-2.13.0.tgz#1ea14af23dc8647116fe53d1bc5b8dd6ce844301"
  integrity sha512-Gf/a6M1mJL03iOvNqh3JNahcBfvEMPHnO28n0gkCoyYWGvddIr9lwCdFIa0qwNJsC1fIDRxhPg8PZ5cQLBMwRA==
  dependencies:
    "@miniflare/shared" "2.13.0"

"@miniflare/r2@2.13.0":
  version "2.13.0"
  resolved "https://registry.yarnpkg.com/@miniflare/r2/-/r2-2.13.0.tgz#0728f536ed152c3444e5ef16d399dda042725907"
  integrity sha512-/5k6GHOYMNV/oBtilV9HDXBkJUrx8oXVigG5vxbnzEGRXyVRmR+Glzu7mFT8JiE94XiEbXHk9Qvu1S5Dej3wBw==
  dependencies:
    "@miniflare/shared" "2.13.0"
    undici "5.20.0"

"@miniflare/runner-vm@2.13.0":
  version "2.13.0"
  resolved "https://registry.yarnpkg.com/@miniflare/runner-vm/-/runner-vm-2.13.0.tgz#66668fee0a7bd247eef3e93950358701e455f8e4"
  integrity sha512-VmKtF2cA8HmTuLXor1THWY0v+DmaobPct63iLcgWIaUdP3MIvL+9X8HDXFAviCR7bCTe6MKxckHkaOj0IE0aJQ==
  dependencies:
    "@miniflare/shared" "2.13.0"

"@miniflare/scheduler@2.13.0":
  version "2.13.0"
  resolved "https://registry.yarnpkg.com/@miniflare/scheduler/-/scheduler-2.13.0.tgz#1f4a011088d74eb9bc382462ccd7afee9d01169a"
  integrity sha512-AOaQanoR4NjVEzVGWHnrL15A7aMx+d9AKLJhSDF7KaP+4NrT2Wo2BQuXCpn5oStx3itOdlQpMfqQ139e/I8WhQ==
  dependencies:
    "@miniflare/core" "2.13.0"
    "@miniflare/shared" "2.13.0"
    cron-schedule "^3.0.4"

"@miniflare/shared@2.13.0":
  version "2.13.0"
  resolved "https://registry.yarnpkg.com/@miniflare/shared/-/shared-2.13.0.tgz#40e13d1a76f13d05e985fb929dfcc81a148e6276"
  integrity sha512-m8YFQzKmbjberrV9hPzNcQjNCXxjTjXUpuNrIGjAJO7g+BDztUHaZbdd26H9maBDlkeiWxA3hf0mDyCT/6MCMA==
  dependencies:
    "@types/better-sqlite3" "^7.6.0"
    kleur "^4.1.4"
    npx-import "^1.1.4"
    picomatch "^2.3.1"

"@miniflare/sites@2.13.0":
  version "2.13.0"
  resolved "https://registry.yarnpkg.com/@miniflare/sites/-/sites-2.13.0.tgz#640fd81e96b299e2178441ff2ad785f845f7b6f7"
  integrity sha512-/tuzIu00o6CF2tkSv01q02MgEShXBSKx85h9jwWvc+6u7prGacAOer0FA1YNRFbE+t9QIfutAkoPGMA9zYf8+Q==
  dependencies:
    "@miniflare/kv" "2.13.0"
    "@miniflare/shared" "2.13.0"
    "@miniflare/storage-file" "2.13.0"

"@miniflare/storage-file@2.13.0":
  version "2.13.0"
  resolved "https://registry.yarnpkg.com/@miniflare/storage-file/-/storage-file-2.13.0.tgz#d317eb6688b8a1dea2ab952d99ef44eba42e64a3"
  integrity sha512-LuAeAAY5046rq5U1eFLVkz+ppiFEWytWacpkQw92DvVKFFquZcXSj6WPxZF4rSs23WDk+rdcwuLekbb52aDR7A==
  dependencies:
    "@miniflare/shared" "2.13.0"
    "@miniflare/storage-memory" "2.13.0"

"@miniflare/storage-memory@2.13.0":
  version "2.13.0"
  resolved "https://registry.yarnpkg.com/@miniflare/storage-memory/-/storage-memory-2.13.0.tgz#b6317392abd2da1f019d1530491d86658631ca37"
  integrity sha512-FnkYcBNXa/ym1ksNilNZycg9WYYKo6cWKplVBeSthRon3e8QY6t3n7/XRseBUo7O6mhDybVTy4wNCP1R2nBiEw==
  dependencies:
    "@miniflare/shared" "2.13.0"

"@miniflare/watcher@2.13.0":
  version "2.13.0"
  resolved "https://registry.yarnpkg.com/@miniflare/watcher/-/watcher-2.13.0.tgz#d1acc14414d845844df767cd889735f640e39eb4"
  integrity sha512-teAacWcpMStoBLbLae95IUaL5lPzjPlXa9lhK9CbRaio/KRMibTMRGWrYos3IVGQRZvklvLwcms/nTvgcdb6yw==
  dependencies:
    "@miniflare/shared" "2.13.0"

"@miniflare/web-sockets@2.13.0":
  version "2.13.0"
  resolved "https://registry.yarnpkg.com/@miniflare/web-sockets/-/web-sockets-2.13.0.tgz#6023e1eb9f494d037aa4f889ad11283ae4d5c458"
  integrity sha512-+U2/HCf+BetRIgjAnNQjkuN6UeAjQmXifhQC+7CCaX834XJhrKXoR6z2xr2xkg1qj0qQs4D2jWG0KzrO5OUpug==
  dependencies:
    "@miniflare/core" "2.13.0"
    "@miniflare/shared" "2.13.0"
    undici "5.20.0"
    ws "^8.2.2"

"@sentry/core@7.28.1":
  version "7.28.1"
  resolved "https://registry.yarnpkg.com/@sentry/core/-/core-7.28.1.tgz#c712ce17469b18b01606108817be24a99ed2116e"
  integrity sha512-7wvnuvn/mrAfcugWoCG/3pqDIrUgH5t+HisMJMGw0h9Tc33KqrmqMDCQVvjlrr2pWrw/vuUCFdm8CbUHJ832oQ==
  dependencies:
    "@sentry/types" "7.28.1"
    "@sentry/utils" "7.28.1"
    tslib "^1.9.3"

"@sentry/types@7.28.1":
  version "7.28.1"
  resolved "https://registry.yarnpkg.com/@sentry/types/-/types-7.28.1.tgz#9018b4c152b475de9bedd267237393d3c9b1253d"
  integrity sha512-DvSplMVrVEmOzR2M161V5+B8Up3vR71xMqJOpWTzE9TqtFJRGPtqT/5OBsNJJw1+/j2ssMcnKwbEo9Q2EGeS6g==

"@sentry/utils@7.28.1":
  version "7.28.1"
  resolved "https://registry.yarnpkg.com/@sentry/utils/-/utils-7.28.1.tgz#0a7b6aa4b09e91e4d1aded2a8c8dbaf818cee96e"
  integrity sha512-75/jzLUO9HH09iC9TslNimGbxOP3jgn89P+q7uR+rp2fJfRExHVeKJZQdK0Ij4/SmE7TJ3Uh2r154N0INZEx1g==
  dependencies:
    "@sentry/types" "7.28.1"
    tslib "^1.9.3"

"@types/better-sqlite3@^7.6.0":
  version "7.6.3"
  resolved "https://registry.yarnpkg.com/@types/better-sqlite3/-/better-sqlite3-7.6.3.tgz#117c3c182e300799b84d1b7e1781c27d8d536505"
  integrity sha512-YS64N9SNDT/NAvou3QNdzAu3E2om/W/0dhORimtPGLef+zSK5l1vDzfsWb4xgXOgfhtOI5ZDTRxnvRPb22AIVQ==
  dependencies:
    "@types/node" "*"

"@types/node@*":
  version "18.13.0"
  resolved "https://registry.yarnpkg.com/@types/node/-/node-18.13.0.tgz#0400d1e6ce87e9d3032c19eb6c58205b0d3f7850"
  integrity sha512-gC3TazRzGoOnoKAhUx+Q0t8S9Tzs74z7m0ipwGpSqQrleP14hKxP4/JUeEQcD3W1/aIpnWl8pHowI7WokuZpXg==

"@types/stack-trace@0.0.29":
  version "0.0.29"
  resolved "https://registry.yarnpkg.com/@types/stack-trace/-/stack-trace-0.0.29.tgz#eb7a7c60098edb35630ed900742a5ecb20cfcb4d"
  integrity sha512-TgfOX+mGY/NyNxJLIbDWrO9DjGoVSW9+aB8H2yy1fy32jsvxijhmyJI9fDFgvz3YP4lvJaq9DzdR/M1bOgVc9g==

anymatch@~3.1.2:
  version "3.1.3"
  resolved "https://registry.yarnpkg.com/anymatch/-/anymatch-3.1.3.tgz#790c58b19ba1720a84205b57c618d5ad8524973e"
  integrity sha512-KMReFUr0B4t+D+OBkjR3KYqvocp2XaSzO55UcB6mgQMd3KbcE+mWTyvVV7D/zsdEbNnV6acZUutkiHQXvTr1Rw==
  dependencies:
    normalize-path "^3.0.0"
    picomatch "^2.0.4"

binary-extensions@^2.0.0:
  version "2.2.0"
  resolved "https://registry.yarnpkg.com/binary-extensions/-/binary-extensions-2.2.0.tgz#75f502eeaf9ffde42fc98829645be4ea76bd9e2d"
  integrity sha512-jDctJ/IVQbZoJykoeHbhXpOlNBqGNcwXJKJog42E5HDPUwQTSdjCHdihjj0DlnheQ7blbT6dHOafNAiS8ooQKA==

blake3-wasm@^2.1.5:
  version "2.1.5"
  resolved "https://registry.yarnpkg.com/blake3-wasm/-/blake3-wasm-2.1.5.tgz#b22dbb84bc9419ed0159caa76af4b1b132e6ba52"
  integrity sha512-F1+K8EbfOZE49dtoPtmxUQrpXaBIl3ICvasLh+nJta0xkz+9kF/7uet9fLnwKqhDrmj6g+6K3Tw9yQPUg2ka5g==

braces@~3.0.2:
  version "3.0.2"
  resolved "https://registry.yarnpkg.com/braces/-/braces-3.0.2.tgz#3454e1a462ee8d599e236df336cd9ea4f8afe107"
  integrity sha512-b8um+L1RzM3WDSzvhm6gIz1yfTbBt6YTlcEKAvsmqCZZFw46z626lVj9j1yEPW33H5H+lBQpZMP1k8l+78Ha0A==
  dependencies:
    fill-range "^7.0.1"

buffer-from@^1.0.0:
  version "1.1.2"
  resolved "https://registry.yarnpkg.com/buffer-from/-/buffer-from-1.1.2.tgz#2b146a6fd72e80b4f55d255f35ed59a3a9a41bd5"
  integrity sha512-E+XQCRwSbaaiChtv6k6Dwgc+bx+Bs6vuKJHHl5kox/BaKbhiXzqQOwK4cO22yElGp2OCmjwVhT3HmxgyPGnJfQ==

builtins@^5.0.0:
  version "5.0.1"
  resolved "https://registry.yarnpkg.com/builtins/-/builtins-5.0.1.tgz#87f6db9ab0458be728564fa81d876d8d74552fa9"
  integrity sha512-qwVpFEHNfhYJIzNRBvd2C1kyo6jz3ZSMPyyuR47OPdiKWlbYnZNyDWuyR175qDnAJLiCo5fBBqPb3RiXgWlkOQ==
  dependencies:
    semver "^7.0.0"

busboy@^1.6.0:
  version "1.6.0"
  resolved "https://registry.yarnpkg.com/busboy/-/busboy-1.6.0.tgz#966ea36a9502e43cdb9146962523b92f531f6893"
  integrity sha512-8SFQbg/0hQ9xy3UNTB0YEnsNBbWfhf7RtnzpL7TkBiTBRfrQ9Fxcnz7VJsleJpyp6rVLvXiuORqjlHi5q+PYuA==
  dependencies:
    streamsearch "^1.1.0"

chokidar@^3.5.3:
  version "3.5.3"
  resolved "https://registry.yarnpkg.com/chokidar/-/chokidar-3.5.3.tgz#1cf37c8707b932bd1af1ae22c0432e2acd1903bd"
  integrity sha512-Dr3sfKRP6oTcjf2JmUmFJfeVMvXBdegxB0iVQ5eb2V10uFJUCAS8OByZdVAyVb8xXNz3GjjTgj9kLWsZTqE6kw==
  dependencies:
    anymatch "~3.1.2"
    braces "~3.0.2"
    glob-parent "~5.1.2"
    is-binary-path "~2.1.0"
    is-glob "~4.0.1"
    normalize-path "~3.0.0"
    readdirp "~3.6.0"
  optionalDependencies:
    fsevents "~2.3.2"

cookie@^0.4.1:
  version "0.4.2"
  resolved "https://registry.yarnpkg.com/cookie/-/cookie-0.4.2.tgz#0e41f24de5ecf317947c82fc789e06a884824432"
  integrity sha512-aSWTXFzaKWkvHO1Ny/s+ePFpvKsPnjc551iI41v3ny/ow6tBG5Vd+FuqGNhh1LxOmVzOlGUriIlOaokOvhaStA==

cron-schedule@^3.0.4:
  version "3.0.6"
  resolved "https://registry.yarnpkg.com/cron-schedule/-/cron-schedule-3.0.6.tgz#7d0a3ad9154112fc3720fe43238a43d50e8465e7"
  integrity sha512-izfGgKyzzIyLaeb1EtZ3KbglkS6AKp9cv7LxmiyoOu+fXfol1tQDC0Cof0enVZGNtudTHW+3lfuW9ZkLQss4Wg==

cross-spawn@^7.0.3:
  version "7.0.3"
  resolved "https://registry.yarnpkg.com/cross-spawn/-/cross-spawn-7.0.3.tgz#f73a85b9d5d41d045551c177e2882d4ac85728a6"
  integrity sha512-iRDPJKUPVEND7dHPO8rkbOnPpyDygcDFtWjpeWNCgy8WP2rXcxXL8TskReQl6OrB2G7+UJrags1q15Fudc7G6w==
  dependencies:
    path-key "^3.1.0"
    shebang-command "^2.0.0"
    which "^2.0.1"

dotenv@^10.0.0:
  version "10.0.0"
  resolved "https://registry.yarnpkg.com/dotenv/-/dotenv-10.0.0.tgz#3d4227b8fb95f81096cdd2b66653fb2c7085ba81"
  integrity sha512-rlBi9d8jpv9Sf1klPjNfFAuWDjKLwTIJJ/VxtoTwIR6hnZxcEOQCZg2oIL3MWBYw5GpUDKOEnND7LXTbIpQ03Q==

esbuild@0.16.3:
  version "0.16.3"
  resolved "https://registry.yarnpkg.com/esbuild/-/esbuild-0.16.3.tgz#5868632fa23f7a8547f2a4ea359c44e946515c94"
  integrity sha512-71f7EjPWTiSguen8X/kxEpkAS7BFHwtQKisCDDV3Y4GLGWBaoSCyD5uXkaUew6JDzA9FEN1W23mdnSwW9kqCeg==
  optionalDependencies:
    "@esbuild/android-arm" "0.16.3"
    "@esbuild/android-arm64" "0.16.3"
    "@esbuild/android-x64" "0.16.3"
    "@esbuild/darwin-arm64" "0.16.3"
    "@esbuild/darwin-x64" "0.16.3"
    "@esbuild/freebsd-arm64" "0.16.3"
    "@esbuild/freebsd-x64" "0.16.3"
    "@esbuild/linux-arm" "0.16.3"
    "@esbuild/linux-arm64" "0.16.3"
    "@esbuild/linux-ia32" "0.16.3"
    "@esbuild/linux-loong64" "0.16.3"
    "@esbuild/linux-mips64el" "0.16.3"
    "@esbuild/linux-ppc64" "0.16.3"
    "@esbuild/linux-riscv64" "0.16.3"
    "@esbuild/linux-s390x" "0.16.3"
    "@esbuild/linux-x64" "0.16.3"
    "@esbuild/netbsd-x64" "0.16.3"
    "@esbuild/openbsd-x64" "0.16.3"
    "@esbuild/sunos-x64" "0.16.3"
    "@esbuild/win32-arm64" "0.16.3"
    "@esbuild/win32-ia32" "0.16.3"
    "@esbuild/win32-x64" "0.16.3"

escape-string-regexp@^4.0.0:
  version "4.0.0"
  resolved "https://registry.yarnpkg.com/escape-string-regexp/-/escape-string-regexp-4.0.0.tgz#14ba83a5d373e3d311e5afca29cf5bfad965bf34"
  integrity sha512-TtpcNJ3XAzx3Gq8sWRzJaVajRs0uVxA2YAkdb1jm2YkPz4G6egUFAyA3n5vtEIZefPk5Wa4UXbKuS5fKkJWdgA==

estree-walker@^0.6.1:
  version "0.6.1"
  resolved "https://registry.yarnpkg.com/estree-walker/-/estree-walker-0.6.1.tgz#53049143f40c6eb918b23671d1fe3219f3a1b362"
  integrity sha512-SqmZANLWS0mnatqbSfRP5g8OXZC12Fgg1IwNtLsyHDzJizORW4khDfjPqJZsemPWBB2uqykUah5YpQ6epsqC/w==

execa@^6.1.0:
  version "6.1.0"
  resolved "https://registry.yarnpkg.com/execa/-/execa-6.1.0.tgz#cea16dee211ff011246556388effa0818394fb20"
  integrity sha512-QVWlX2e50heYJcCPG0iWtf8r0xjEYfz/OYLGDYH+IyjWezzPNxz63qNFOu0l4YftGWuizFVZHHs8PrLU5p2IDA==
  dependencies:
    cross-spawn "^7.0.3"
    get-stream "^6.0.1"
    human-signals "^3.0.1"
    is-stream "^3.0.0"
    merge-stream "^2.0.0"
    npm-run-path "^5.1.0"
    onetime "^6.0.0"
    signal-exit "^3.0.7"
    strip-final-newline "^3.0.0"

fill-range@^7.0.1:
  version "7.0.1"
  resolved "https://registry.yarnpkg.com/fill-range/-/fill-range-7.0.1.tgz#1919a6a7c75fe38b2c7c77e5198535da9acdda40"
  integrity sha512-qOo9F+dMUmC2Lcb4BbVvnKJxTPjCm+RRpe4gDuGrzkL7mEVl/djYSu2OdQ2Pa302N4oqkSg9ir6jaLWJ2USVpQ==
  dependencies:
    to-regex-range "^5.0.1"

fsevents@~2.3.2:
  version "2.3.2"
  resolved "https://registry.yarnpkg.com/fsevents/-/fsevents-2.3.2.tgz#8a526f78b8fdf4623b709e0b975c52c24c02fd1a"
  integrity sha512-xiqMQR4xAeHTuB9uWm+fFRcIOgKBMiOBP+eXiyT7jsgVCq1bkVygt00oASowB7EdtpOHaaPgKt812P9ab+DDKA==

get-stream@^6.0.1:
  version "6.0.1"
  resolved "https://registry.yarnpkg.com/get-stream/-/get-stream-6.0.1.tgz#a262d8eef67aced57c2852ad6167526a43cbf7b7"
  integrity sha512-ts6Wi+2j3jQjqi70w5AlN8DFnkSwC+MqmxEzdEALB2qXZYV3X/b1CTfgPLGJNMeAWxdPfU8FO1ms3NUfaHCPYg==

glob-parent@~5.1.2:
  version "5.1.2"
  resolved "https://registry.yarnpkg.com/glob-parent/-/glob-parent-5.1.2.tgz#869832c58034fe68a4093c17dc15e8340d8401c4"
  integrity sha512-AOIgSQCepiJYwP3ARnGx+5VnTu2HBYdzbGP45eLw1vr3zB3vZLeyed1sC9hnbcOc9/SrMyM5RPQrkGz4aS9Zow==
  dependencies:
    is-glob "^4.0.1"

html-rewriter-wasm@^0.4.1:
  version "0.4.1"
  resolved "https://registry.yarnpkg.com/html-rewriter-wasm/-/html-rewriter-wasm-0.4.1.tgz#235e3d96c1aa4bfd2182661ee13881e290ff5ff2"
  integrity sha512-lNovG8CMCCmcVB1Q7xggMSf7tqPCijZXaH4gL6iE8BFghdQCbaY5Met9i1x2Ex8m/cZHDUtXK9H6/znKamRP8Q==

http-cache-semantics@^4.1.0:
  version "4.1.1"
  resolved "https://registry.yarnpkg.com/http-cache-semantics/-/http-cache-semantics-4.1.1.tgz#abe02fcb2985460bf0323be664436ec3476a6d5a"
  integrity sha512-er295DKPVsV82j5kw1Gjt+ADA/XYHsajl82cGNQG2eyoPkvgUhX+nDIyelzhIWbbsXP39EHcI6l5tYs2FYqYXQ==

human-signals@^3.0.1:
  version "3.0.1"
  resolved "https://registry.yarnpkg.com/human-signals/-/human-signals-3.0.1.tgz#c740920859dafa50e5a3222da9d3bf4bb0e5eef5"
  integrity sha512-rQLskxnM/5OCldHo+wNXbpVgDn5A17CUoKX+7Sokwaknlq7CdSnphy0W39GU8dw59XiCXmFXDg4fRuckQRKewQ==

is-binary-path@~2.1.0:
  version "2.1.0"
  resolved "https://registry.yarnpkg.com/is-binary-path/-/is-binary-path-2.1.0.tgz#ea1f7f3b80f064236e83470f86c09c254fb45b09"
  integrity sha512-ZMERYes6pDydyuGidse7OsHxtbI7WVeUEozgR/g7rd0xUimYNlvZRE/K2MgZTjWy725IfelLeVcEM97mmtRGXw==
  dependencies:
    binary-extensions "^2.0.0"

is-extglob@^2.1.1:
  version "2.1.1"
  resolved "https://registry.yarnpkg.com/is-extglob/-/is-extglob-2.1.1.tgz#a88c02535791f02ed37c76a1b9ea9773c833f8c2"
  integrity sha512-SbKbANkN603Vi4jEZv49LeVJMn4yGwsbzZworEoyEiutsN3nJYdbO36zfhGJ6QEDpOZIFkDtnq5JRxmvl3jsoQ==

is-glob@^4.0.1, is-glob@~4.0.1:
  version "4.0.3"
  resolved "https://registry.yarnpkg.com/is-glob/-/is-glob-4.0.3.tgz#64f61e42cbbb2eec2071a9dac0b28ba1e65d5084"
  integrity sha512-xelSayHH36ZgE7ZWhli7pW34hNbNl8Ojv5KVmkJD4hBdD3th8Tfk9vYasLM+mXWOZhFkgZfxhLSnrwRr4elSSg==
  dependencies:
    is-extglob "^2.1.1"

is-number@^7.0.0:
  version "7.0.0"
  resolved "https://registry.yarnpkg.com/is-number/-/is-number-7.0.0.tgz#7535345b896734d5f80c4d06c50955527a14f12b"
  integrity sha512-41Cifkg6e8TylSpdtTpeLVMqvSBEVzTttHvERD741+pnZ8ANv0004MRL43QKPDlK9cGvNp6NZWZUBlbGXYxxng==

is-stream@^3.0.0:
  version "3.0.0"
  resolved "https://registry.yarnpkg.com/is-stream/-/is-stream-3.0.0.tgz#e6bfd7aa6bef69f4f472ce9bb681e3e57b4319ac"
  integrity sha512-LnQR4bZ9IADDRSkvpqMGvt/tEJWclzklNgSw48V5EAaAeDd6qGvN8ei6k5p0tvxSR171VmGyHuTiAOfxAbr8kA==

isexe@^2.0.0:
  version "2.0.0"
  resolved "https://registry.yarnpkg.com/isexe/-/isexe-2.0.0.tgz#e8fbf374dc556ff8947a10dcb0572d633f2cfa10"
  integrity sha512-RHxMLp9lnKHGHRng9QFhRCMbYAcVpn69smSGcq3f36xjgVVWThj4qqLbTLlq7Ssj8B+fIQ1EuCEGI2lKsyQeIw==

kleur@^4.1.4:
  version "4.1.5"
  resolved "https://registry.yarnpkg.com/kleur/-/kleur-4.1.5.tgz#95106101795f7050c6c650f350c683febddb1780"
  integrity sha512-o+NO+8WrRiQEE4/7nwRJhN1HWpVmJm511pBHUxPLtp0BUISzlBplORYSmTclCnJvQq2tKu/sgl3xVpkc7ZWuQQ==

lru-cache@^6.0.0:
  version "6.0.0"
  resolved "https://registry.yarnpkg.com/lru-cache/-/lru-cache-6.0.0.tgz#6d6fe6570ebd96aaf90fcad1dafa3b2566db3a94"
  integrity sha512-Jo6dJ04CmSjuznwJSS3pUeWmd/H0ffTlkXXgwZi+eq1UCmqQwCh+eLsYOYCwY991i2Fah4h1BEMCx4qThGbsiA==
  dependencies:
    yallist "^4.0.0"

magic-string@^0.25.3:
  version "0.25.9"
  resolved "https://registry.yarnpkg.com/magic-string/-/magic-string-0.25.9.tgz#de7f9faf91ef8a1c91d02c2e5314c8277dbcdd1c"
  integrity sha512-RmF0AsMzgt25qzqqLc1+MbHmhdx0ojF2Fvs4XnOqz2ZOBXzzkEwc/dJQZCYHAn7v1jbVOjAZfK8msRn4BxO4VQ==
  dependencies:
    sourcemap-codec "^1.4.8"

merge-stream@^2.0.0:
  version "2.0.0"
  resolved "https://registry.yarnpkg.com/merge-stream/-/merge-stream-2.0.0.tgz#52823629a14dd00c9770fb6ad47dc6310f2c1f60"
  integrity sha512-abv/qOcuPfk3URPfDzmZU1LKmuw8kT+0nIHvKrKgFrwifol/doWcdA4ZqsWQ8ENrFKkd67Mfpo/LovbIUsbt3w==

mime@^3.0.0:
  version "3.0.0"
  resolved "https://registry.yarnpkg.com/mime/-/mime-3.0.0.tgz#b374550dca3a0c18443b0c950a6a58f1931cf7a7"
  integrity sha512-jSCU7/VB1loIWBZe14aEYHU/+1UMEHoaO7qxCOVJOw9GgH72VAWppxNcjU+x9a2k3GSIBXNKxXQFqRvvZ7vr3A==

mimic-fn@^4.0.0:
  version "4.0.0"
  resolved "https://registry.yarnpkg.com/mimic-fn/-/mimic-fn-4.0.0.tgz#60a90550d5cb0b239cca65d893b1a53b29871ecc"
  integrity sha512-vqiC06CuhBTUdZH+RYl8sFrL096vA45Ok5ISO6sE/Mr1jRbGH4Csnhi8f3wKVl7x8mO4Au7Ir9D3Oyv1VYMFJw==

miniflare@2.13.0:
  version "2.13.0"
  resolved "https://registry.yarnpkg.com/miniflare/-/miniflare-2.13.0.tgz#b5e357952378ef58b612bd4cfde0b32452928ef2"
  integrity sha512-ayNhVa4a6bZiOuHtrPmOt4BCYcmW1fBQ/+qGL85smq1m2OBBm3aUs6f4ISf38xH8tk+qewgmAywetyVtn6KHPw==
  dependencies:
    "@miniflare/cache" "2.13.0"
    "@miniflare/cli-parser" "2.13.0"
    "@miniflare/core" "2.13.0"
    "@miniflare/d1" "2.13.0"
    "@miniflare/durable-objects" "2.13.0"
    "@miniflare/html-rewriter" "2.13.0"
    "@miniflare/http-server" "2.13.0"
    "@miniflare/kv" "2.13.0"
    "@miniflare/queues" "2.13.0"
    "@miniflare/r2" "2.13.0"
    "@miniflare/runner-vm" "2.13.0"
    "@miniflare/scheduler" "2.13.0"
    "@miniflare/shared" "2.13.0"
    "@miniflare/sites" "2.13.0"
    "@miniflare/storage-file" "2.13.0"
    "@miniflare/storage-memory" "2.13.0"
    "@miniflare/web-sockets" "2.13.0"
    kleur "^4.1.4"
    semiver "^1.1.0"
    source-map-support "^0.5.20"
    undici "5.20.0"

mustache@^4.2.0:
  version "4.2.0"
  resolved "https://registry.yarnpkg.com/mustache/-/mustache-4.2.0.tgz#e5892324d60a12ec9c2a73359edca52972bf6f64"
  integrity sha512-71ippSywq5Yb7/tVYyGbkBggbU8H3u5Rz56fH60jGFgr8uHwxs+aSKeqmluIVzM0m0kB7xQjKS6qPfd0b2ZoqQ==

nanoid@^3.3.3:
  version "3.3.4"
  resolved "https://registry.yarnpkg.com/nanoid/-/nanoid-3.3.4.tgz#730b67e3cd09e2deacf03c027c81c9d9dbc5e8ab"
  integrity sha512-MqBkQh/OHTS2egovRtLk45wEyNXwF+cokD+1YPf9u5VfJiRdAiRwB2froX5Co9Rh20xs4siNPm8naNotSD6RBw==

node-forge@^1:
  version "1.3.1"
  resolved "https://registry.yarnpkg.com/node-forge/-/node-forge-1.3.1.tgz#be8da2af243b2417d5f646a770663a92b7e9ded3"
  integrity sha512-dPEtOeMvF9VMcYV/1Wb8CPoVAXtp6MKMlcbAt4ddqmGqUJ6fQZFXkNZNkNlfevtNkGtaSoXf/vNNNSvgrdXwtA==

normalize-path@^3.0.0, normalize-path@~3.0.0:
  version "3.0.0"
  resolved "https://registry.yarnpkg.com/normalize-path/-/normalize-path-3.0.0.tgz#0dcd69ff23a1c9b11fd0978316644a0388216a65"
  integrity sha512-6eZs5Ls3WtCisHWp9S2GUy8dqkpGi4BVSz3GaqiE6ezub0512ESztXUwUB6C6IKbQkY2Pnb/mD4WYojCRwcwLA==

npm-run-path@^5.1.0:
  version "5.1.0"
  resolved "https://registry.yarnpkg.com/npm-run-path/-/npm-run-path-5.1.0.tgz#bc62f7f3f6952d9894bd08944ba011a6ee7b7e00"
  integrity sha512-sJOdmRGrY2sjNTRMbSvluQqg+8X7ZK61yvzBEIDhz4f8z1TZFYABsqjjCBd/0PUNE9M6QDgHJXQkGUEm7Q+l9Q==
  dependencies:
    path-key "^4.0.0"

npx-import@^1.1.4:
  version "1.1.4"
  resolved "https://registry.yarnpkg.com/npx-import/-/npx-import-1.1.4.tgz#0ee9a27484c633255528f7ec2e4c2adeaa1fcda3"
  integrity sha512-3ShymTWOgqGyNlh5lMJAejLuIv3W1K3fbI5Ewc6YErZU3Sp0PqsNs8UIU1O8z5+KVl/Du5ag56Gza9vdorGEoA==
  dependencies:
    execa "^6.1.0"
    parse-package-name "^1.0.0"
    semver "^7.3.7"
    validate-npm-package-name "^4.0.0"

onetime@^6.0.0:
  version "6.0.0"
  resolved "https://registry.yarnpkg.com/onetime/-/onetime-6.0.0.tgz#7c24c18ed1fd2e9bca4bd26806a33613c77d34b4"
  integrity sha512-1FlR+gjXK7X+AsAHso35MnyN5KqGwJRi/31ft6x0M194ht7S+rWAvd7PHss9xSKMzE0asv1pyIHaJYq+BbacAQ==
  dependencies:
    mimic-fn "^4.0.0"

parse-package-name@^1.0.0:
  version "1.0.0"
  resolved "https://registry.yarnpkg.com/parse-package-name/-/parse-package-name-1.0.0.tgz#1a108757e4ffc6889d5e78bcc4932a97c097a5a7"
  integrity sha512-kBeTUtcj+SkyfaW4+KBe0HtsloBJ/mKTPoxpVdA57GZiPerREsUWJOhVj9anXweFiJkm5y8FG1sxFZkZ0SN6wg==

path-key@^3.1.0:
  version "3.1.1"
  resolved "https://registry.yarnpkg.com/path-key/-/path-key-3.1.1.tgz#581f6ade658cbba65a0d3380de7753295054f375"
  integrity sha512-ojmeN0qd+y0jszEtoY48r0Peq5dwMEkIlCOu6Q5f41lfkswXuKtYrhgoTpLnyIcHm24Uhqx+5Tqm2InSwLhE6Q==

path-key@^4.0.0:
  version "4.0.0"
  resolved "https://registry.yarnpkg.com/path-key/-/path-key-4.0.0.tgz#295588dc3aee64154f877adb9d780b81c554bf18"
  integrity sha512-haREypq7xkM7ErfgIyA0z+Bj4AGKlMSdlQE2jvJo6huWD1EdkKYV+G/T4nq0YEF2vgTT8kqMFKo1uHn950r4SQ==

path-to-regexp@^6.2.0:
  version "6.2.1"
  resolved "https://registry.yarnpkg.com/path-to-regexp/-/path-to-regexp-6.2.1.tgz#d54934d6798eb9e5ef14e7af7962c945906918e5"
  integrity sha512-JLyh7xT1kizaEvcaXOQwOc2/Yhw6KZOvPf1S8401UyLk86CU79LN3vl7ztXGm/pZ+YjoyAJ4rxmHwbkBXJX+yw==

picomatch@^2.0.4, picomatch@^2.2.1, picomatch@^2.3.1:
  version "2.3.1"
  resolved "https://registry.yarnpkg.com/picomatch/-/picomatch-2.3.1.tgz#3ba3833733646d9d3e4995946c1365a67fb07a42"
  integrity sha512-JU3teHTNjmE2VCGFzuY8EXzCDVwEqB2a8fsIvwaStHhAWJEeVd1o1QD80CU6+ZdEXXSLbSsuLwJjkCBWqRQUVA==

readdirp@~3.6.0:
  version "3.6.0"
  resolved "https://registry.yarnpkg.com/readdirp/-/readdirp-3.6.0.tgz#74a370bd857116e245b29cc97340cd431a02a6c7"
  integrity sha512-hOS089on8RduqdbhvQ5Z37A0ESjsqz6qnRcffsMU3495FuTdqSm+7bhJ29JvIOsBDEEnan5DPu9t3To9VRlMzA==
  dependencies:
    picomatch "^2.2.1"

rollup-plugin-inject@^3.0.0:
  version "3.0.2"
  resolved "https://registry.yarnpkg.com/rollup-plugin-inject/-/rollup-plugin-inject-3.0.2.tgz#e4233855bfba6c0c12a312fd6649dff9a13ee9f4"
  integrity sha512-ptg9PQwzs3orn4jkgXJ74bfs5vYz1NCZlSQMBUA0wKcGp5i5pA1AO3fOUEte8enhGUC+iapTCzEWw2jEFFUO/w==
  dependencies:
    estree-walker "^0.6.1"
    magic-string "^0.25.3"
    rollup-pluginutils "^2.8.1"

rollup-plugin-node-polyfills@^0.2.1:
  version "0.2.1"
  resolved "https://registry.yarnpkg.com/rollup-plugin-node-polyfills/-/rollup-plugin-node-polyfills-0.2.1.tgz#53092a2744837164d5b8a28812ba5f3ff61109fd"
  integrity sha512-4kCrKPTJ6sK4/gLL/U5QzVT8cxJcofO0OU74tnB19F40cmuAKSzH5/siithxlofFEjwvw1YAhPmbvGNA6jEroA==
  dependencies:
    rollup-plugin-inject "^3.0.0"

rollup-pluginutils@^2.8.1:
  version "2.8.2"
  resolved "https://registry.yarnpkg.com/rollup-pluginutils/-/rollup-pluginutils-2.8.2.tgz#72f2af0748b592364dbd3389e600e5a9444a351e"
  integrity sha512-EEp9NhnUkwY8aif6bxgovPHMoMoNr2FulJziTndpt5H9RdwC47GSGuII9XxpSdzVGM0GWrNPHV6ie1LTNJPaLQ==
  dependencies:
    estree-walker "^0.6.1"

selfsigned@^2.0.0, selfsigned@^2.0.1:
  version "2.1.1"
  resolved "https://registry.yarnpkg.com/selfsigned/-/selfsigned-2.1.1.tgz#18a7613d714c0cd3385c48af0075abf3f266af61"
  integrity sha512-GSL3aowiF7wa/WtSFwnUrludWFoNhftq8bUkH9pkzjpN2XSPOAYEgg6e0sS9s0rZwgJzJiQRPU18A6clnoW5wQ==
  dependencies:
    node-forge "^1"

semiver@^1.1.0:
  version "1.1.0"
  resolved "https://registry.yarnpkg.com/semiver/-/semiver-1.1.0.tgz#9c97fb02c21c7ce4fcf1b73e2c7a24324bdddd5f"
  integrity sha512-QNI2ChmuioGC1/xjyYwyZYADILWyW6AmS1UH6gDj/SFUUUS4MBAWs/7mxnkRPc/F4iHezDP+O8t0dO8WHiEOdg==

semver@^7.0.0, semver@^7.3.7:
  version "7.3.8"
  resolved "https://registry.yarnpkg.com/semver/-/semver-7.3.8.tgz#07a78feafb3f7b32347d725e33de7e2a2df67798"
  integrity sha512-NB1ctGL5rlHrPJtFDVIVzTyQylMLu9N9VICA6HSFJo8MCGVTMW6gfpicwKmmK/dAjTOrqu5l63JJOpDSrAis3A==
  dependencies:
    lru-cache "^6.0.0"

set-cookie-parser@^2.4.8:
  version "2.5.1"
  resolved "https://registry.yarnpkg.com/set-cookie-parser/-/set-cookie-parser-2.5.1.tgz#ddd3e9a566b0e8e0862aca974a6ac0e01349430b"
  integrity sha512-1jeBGaKNGdEq4FgIrORu/N570dwoPYio8lSoYLWmX7sQ//0JY08Xh9o5pBcgmHQ/MbsYp/aZnOe1s1lIsbLprQ==

shebang-command@^2.0.0:
  version "2.0.0"
  resolved "https://registry.yarnpkg.com/shebang-command/-/shebang-command-2.0.0.tgz#ccd0af4f8835fbdc265b82461aaf0c36663f34ea"
  integrity sha512-kHxr2zZpYtdmrN1qDjrrX/Z1rR1kG8Dx+gkpK1G4eXmvXswmcE1hTWBWYUzlraYw1/yZp6YuDY77YtvbN0dmDA==
  dependencies:
    shebang-regex "^3.0.0"

shebang-regex@^3.0.0:
  version "3.0.0"
  resolved "https://registry.yarnpkg.com/shebang-regex/-/shebang-regex-3.0.0.tgz#ae16f1644d873ecad843b0307b143362d4c42172"
  integrity sha512-7++dFhtcx3353uBaq8DDR4NuxBetBzC7ZQOhmTQInHEd6bSrXdiEyzCvG07Z44UYdLShWUyXt5M/yhz8ekcb1A==

signal-exit@^3.0.7:
  version "3.0.7"
  resolved "https://registry.yarnpkg.com/signal-exit/-/signal-exit-3.0.7.tgz#a9a1767f8af84155114eaabd73f99273c8f59ad9"
  integrity sha512-wnD2ZE+l+SPC/uoS0vXeE9L1+0wuaMqKlfz9AMUo38JsyLSBWSFcHR1Rri62LZc12vLr1gb3jl7iwQhgwpAbGQ==

source-map-support@^0.5.20:
  version "0.5.21"
  resolved "https://registry.yarnpkg.com/source-map-support/-/source-map-support-0.5.21.tgz#04fe7c7f9e1ed2d662233c28cb2b35b9f63f6e4f"
  integrity sha512-uBHU3L3czsIyYXKX88fdrGovxdSCoTGDRZ6SYXtSRxLZUzHg5P/66Ht6uoUlHu9EZod+inXhKo3qQgwXUT/y1w==
  dependencies:
    buffer-from "^1.0.0"
    source-map "^0.6.0"

source-map@^0.6.0:
  version "0.6.1"
  resolved "https://registry.yarnpkg.com/source-map/-/source-map-0.6.1.tgz#74722af32e9614e9c287a8d0bbde48b5e2f1a263"
  integrity sha512-UjgapumWlbMhkBgzT7Ykc5YXUT46F0iKu8SGXq0bcwP5dz/h0Plj6enJqjz1Zbq2l5WaqYnrVbwWOWMyF3F47g==

source-map@^0.7.4:
  version "0.7.4"
  resolved "https://registry.yarnpkg.com/source-map/-/source-map-0.7.4.tgz#a9bbe705c9d8846f4e08ff6765acf0f1b0898656"
  integrity sha512-l3BikUxvPOcn5E74dZiq5BGsTb5yEwhaTSzccU6t4sDOH8NWJCstKO5QT2CvtFoK6F0saL7p9xHAqHOlCPJygA==

sourcemap-codec@^1.4.8:
  version "1.4.8"
  resolved "https://registry.yarnpkg.com/sourcemap-codec/-/sourcemap-codec-1.4.8.tgz#ea804bd94857402e6992d05a38ef1ae35a9ab4c4"
  integrity sha512-9NykojV5Uih4lgo5So5dtw+f0JgJX30KCNI8gwhz2J9A15wD0Ml6tjHKwf6fTSa6fAdVBdZeNOs9eJ71qCk8vA==

stack-trace@0.0.10:
  version "0.0.10"
  resolved "https://registry.yarnpkg.com/stack-trace/-/stack-trace-0.0.10.tgz#547c70b347e8d32b4e108ea1a2a159e5fdde19c0"
  integrity sha512-KGzahc7puUKkzyMt+IqAep+TVNbKP+k2Lmwhub39m1AsTSkaDutx56aDCo+HLDzf/D26BIHTJWNiTG1KAJiQCg==

streamsearch@^1.1.0:
  version "1.1.0"
  resolved "https://registry.yarnpkg.com/streamsearch/-/streamsearch-1.1.0.tgz#404dd1e2247ca94af554e841a8ef0eaa238da764"
  integrity sha512-Mcc5wHehp9aXz1ax6bZUyY5afg9u2rv5cqQI3mRrYkGC8rW2hM02jWuwjtL++LS5qinSyhj2QfLyNsuc+VsExg==

strip-final-newline@^3.0.0:
  version "3.0.0"
  resolved "https://registry.yarnpkg.com/strip-final-newline/-/strip-final-newline-3.0.0.tgz#52894c313fbff318835280aed60ff71ebf12b8fd"
  integrity sha512-dOESqjYr96iWYylGObzd39EuNTa5VJxyvVAEm5Jnh7KGo75V43Hk1odPQkNDyXNmUR6k+gEiDVXnjB8HJ3crXw==

to-regex-range@^5.0.1:
  version "5.0.1"
  resolved "https://registry.yarnpkg.com/to-regex-range/-/to-regex-range-5.0.1.tgz#1648c44aae7c8d988a326018ed72f5b4dd0392e4"
  integrity sha512-65P7iz6X5yEr1cwcgvQxbbIw7Uk3gOy5dIdtZ4rDveLqhrdJP+Li/Hx6tyK0NEb+2GCyneCMJiGqrADCSNk8sQ==
  dependencies:
    is-number "^7.0.0"

toucan-js@^3.1.0:
  version "3.1.0"
  resolved "https://registry.yarnpkg.com/toucan-js/-/toucan-js-3.1.0.tgz#412cf43c259e702f46427e465adb2f588b7eea85"
  integrity sha512-bRbq/HB+aSfwbsSoCNI6qyPXx2bhsscxSYxnAY63xXv9lIeOLUYfvYdOIBWfAVj9QHNST+X83GQ0lj/llvHpVg==
  dependencies:
    "@sentry/core" "7.28.1"
    "@sentry/types" "7.28.1"
    "@sentry/utils" "7.28.1"

tslib@^1.9.3:
  version "1.14.1"
  resolved "https://registry.yarnpkg.com/tslib/-/tslib-1.14.1.tgz#cf2d38bdc34a134bcaf1091c41f6619e2f672d00"
  integrity sha512-Xni35NKzjgMrwevysHTCArtLDpPvye8zV/0E4EyYn43P7/7qvQwPh9BGkHewbMulVntbigmcT7rdX3BNo9wRJg==

typescript@^4.9.4:
  version "4.9.5"
  resolved "https://registry.yarnpkg.com/typescript/-/typescript-4.9.5.tgz#095979f9bcc0d09da324d58d03ce8f8374cbe65a"
  integrity sha512-1FXk9E2Hm+QzZQ7z+McJiHL4NW1F2EzMu9Nq9i3zAaGqibafqYwCVU6WyWAuyQRRzOlxou8xZSyXLEN8oKj24g==

undici@5.20.0:
  version "5.20.0"
  resolved "https://registry.yarnpkg.com/undici/-/undici-5.20.0.tgz#6327462f5ce1d3646bcdac99da7317f455bcc263"
  integrity sha512-J3j60dYzuo6Eevbawwp1sdg16k5Tf768bxYK4TUJRH7cBM4kFCbf3mOnM/0E3vQYXvpxITbbWmBafaDbxLDz3g==
  dependencies:
    busboy "^1.6.0"

urlpattern-polyfill@^4.0.3:
  version "4.0.3"
  resolved "https://registry.yarnpkg.com/urlpattern-polyfill/-/urlpattern-polyfill-4.0.3.tgz#c1fa7a73eb4e6c6a1ffb41b24cf31974f7392d3b"
  integrity sha512-DOE84vZT2fEcl9gqCUTcnAw5ZY5Id55ikUcziSUntuEFL3pRvavg5kwDmTEUJkeCHInTlV/HexFomgYnzO5kdQ==

validate-npm-package-name@^4.0.0:
  version "4.0.0"
  resolved "https://registry.yarnpkg.com/validate-npm-package-name/-/validate-npm-package-name-4.0.0.tgz#fe8f1c50ac20afdb86f177da85b3600f0ac0d747"
  integrity sha512-mzR0L8ZDktZjpX4OB46KT+56MAhl4EIazWP/+G/HPGuvfdaqg4YsCdtOm6U9+LOFyYDoh4dpnpxZRB9MQQns5Q==
  dependencies:
    builtins "^5.0.0"

which@^2.0.1:
  version "2.0.2"
  resolved "https://registry.yarnpkg.com/which/-/which-2.0.2.tgz#7c6a8dd0a636a0327e10b59c9286eee93f3f51b1"
  integrity sha512-BLI3Tl1TW3Pvl70l3yq3Y64i+awpwXqsGBYWkkqMtnbXgrMD+yj7rhW0kuEDxzJaYXGjEW5ogapKNMEKNMjibA==
  dependencies:
    isexe "^2.0.0"

wrangler@2.20.1:
  version "2.20.1"
  resolved "https://registry.yarnpkg.com/wrangler/-/wrangler-2.20.1.tgz#0b301fe41914b23f3d58edd0e2032d60b0da76b0"
  integrity sha512-5fl7xF7OkRHim0B0kVXtmSPMrRhRKZ3rqAdn9tKYgi6MnZOvWC+HesGKpNxpVUWsJYpPfJ5AU6gZ6gEL1OLmFQ==
  dependencies:
    "@cloudflare/kv-asset-handler" "^0.2.0"
    "@esbuild-plugins/node-globals-polyfill" "^0.1.1"
    "@esbuild-plugins/node-modules-polyfill" "^0.1.4"
    "@miniflare/core" "2.13.0"
    "@miniflare/d1" "2.13.0"
    "@miniflare/durable-objects" "2.13.0"
    blake3-wasm "^2.1.5"
    chokidar "^3.5.3"
    esbuild "0.16.3"
    miniflare "2.13.0"
    nanoid "^3.3.3"
    path-to-regexp "^6.2.0"
    selfsigned "^2.0.1"
    source-map "^0.7.4"
    xxhash-wasm "^1.0.1"
  optionalDependencies:
    fsevents "~2.3.2"

ws@^8.2.2:
  version "8.12.0"
  resolved "https://registry.yarnpkg.com/ws/-/ws-8.12.0.tgz#485074cc392689da78e1828a9ff23585e06cddd8"
  integrity sha512-kU62emKIdKVeEIOIKVegvqpXMSTAMLJozpHZaJNDYqBjzlSYXQGviYwN1osDLJ9av68qHd4a2oSjd7yD4pacig==

xxhash-wasm@^1.0.1:
  version "1.0.2"
  resolved "https://registry.yarnpkg.com/xxhash-wasm/-/xxhash-wasm-1.0.2.tgz#ecc0f813219b727af4d5f3958ca6becee2f2f1ff"
  integrity sha512-ibF0Or+FivM9lNrg+HGJfVX8WJqgo+kCLDc4vx6xMeTce7Aj+DLttKbxxRR/gNLSAelRc1omAPlJ77N/Jem07A==

yallist@^4.0.0:
  version "4.0.0"
  resolved "https://registry.yarnpkg.com/yallist/-/yallist-4.0.0.tgz#9bb92790d9c0effec63be73519e11a35019a3a72"
  integrity sha512-3wdGidZyq5PB084XLES5TpOSRA3wjXAlIWMhum2kRcv/41Sn2emQ0dycQW4uZXLejwKvg6EsvbdlVL+FYEct7A==

youch@^2.2.2:
  version "2.2.2"
  resolved "https://registry.yarnpkg.com/youch/-/youch-2.2.2.tgz#cb87a359a5c524ebd35eb07ca3a1521dbc7e1a3e"
  integrity sha512-/FaCeG3GkuJwaMR34GHVg0l8jCbafZLHiFowSjqLlqhC6OMyf2tPJBu8UirF7/NI9X/R5ai4QfEKUCOxMAGxZQ==
  dependencies:
    "@types/stack-trace" "0.0.29"
    cookie "^0.4.1"
    mustache "^4.2.0"
    stack-trace "0.0.10"
